// !$*UTF8*$!
{
	archiveVersion = 1;
	classes = {
	};
	objectVersion = 56;
	objects = {

/* Begin PBXBuildFile section */
		100209432ADE54D600571959 /* StudentEditViewController.swift in Sources */ = {isa = PBXBuildFile; fileRef = 100209422ADE54D600571959 /* StudentEditViewController.swift */; };
		100209452ADE54E100571959 /* StudentEditView.swift in Sources */ = {isa = PBXBuildFile; fileRef = 100209442ADE54E100571959 /* StudentEditView.swift */; };
		100209472ADE54E900571959 /* StudentEditViewModel.swift in Sources */ = {isa = PBXBuildFile; fileRef = 100209462ADE54E900571959 /* StudentEditViewModel.swift */; };
		100209492ADE710F00571959 /* UIString+.swift in Sources */ = {isa = PBXBuildFile; fileRef = 100209482ADE710F00571959 /* UIString+.swift */; };
		1002094B2ADE78F600571959 /* CustomStartWeekdayView.swift in Sources */ = {isa = PBXBuildFile; fileRef = 1002094A2ADE78F600571959 /* CustomStartWeekdayView.swift */; };
		1002094D2ADEB9DC00571959 /* UIButton+.swift in Sources */ = {isa = PBXBuildFile; fileRef = 1002094C2ADEB9DC00571959 /* UIButton+.swift */; };
		100209572AE370C100571959 /* SettingViewController.swift in Sources */ = {isa = PBXBuildFile; fileRef = 100209562AE370C100571959 /* SettingViewController.swift */; };
		100209592AE37A0400571959 /* WebViewController.swift in Sources */ = {isa = PBXBuildFile; fileRef = 100209582AE37A0400571959 /* WebViewController.swift */; };
		10033CDE2AD581D900379DA0 /* EmptyView.swift in Sources */ = {isa = PBXBuildFile; fileRef = 10033CDD2AD581D900379DA0 /* EmptyView.swift */; };
		1010CBBB2ACDB2D400B40498 /* UIPickerView+.swift in Sources */ = {isa = PBXBuildFile; fileRef = 1010CBBA2ACDB2D400B40498 /* UIPickerView+.swift */; };
		1010CBBE2ACE4A7D00B40498 /* FSCalendar in Frameworks */ = {isa = PBXBuildFile; productRef = 1010CBBD2ACE4A7D00B40498 /* FSCalendar */; };
		1010CBC12ACE774500B40498 /* LessonTimeCell.swift in Sources */ = {isa = PBXBuildFile; fileRef = 1010CBC02ACE774500B40498 /* LessonTimeCell.swift */; };
		1010CBC52ACE788500B40498 /* LessonTime.swift in Sources */ = {isa = PBXBuildFile; fileRef = 1010CBC42ACE788500B40498 /* LessonTime.swift */; };
		1010CBC72ACE78CF00B40498 /* LessonInfoViewModel.swift in Sources */ = {isa = PBXBuildFile; fileRef = 1010CBC62ACE78CF00B40498 /* LessonInfoViewModel.swift */; };
		1010CBCA2ACE839B00B40498 /* StartDateInfoViewController.swift in Sources */ = {isa = PBXBuildFile; fileRef = 1010CBC92ACE839B00B40498 /* StartDateInfoViewController.swift */; };
		1010CBCC2ACE83A200B40498 /* StartDateInfoView.swift in Sources */ = {isa = PBXBuildFile; fileRef = 1010CBCB2ACE83A200B40498 /* StartDateInfoView.swift */; };
		1010CBD12ACE8E3700B40498 /* CalendarView.swift in Sources */ = {isa = PBXBuildFile; fileRef = 1010CBD02ACE8E3700B40498 /* CalendarView.swift */; };
		1010CBD32ACEA4D700B40498 /* CustomCheckInfoView.swift in Sources */ = {isa = PBXBuildFile; fileRef = 1010CBD22ACEA4D700B40498 /* CustomCheckInfoView.swift */; };
		1010CBD52ACEA63A00B40498 /* CustomCheckInfoLabel.swift in Sources */ = {isa = PBXBuildFile; fileRef = 1010CBD42ACEA63A00B40498 /* CustomCheckInfoLabel.swift */; };
		1010CBD72ACEC30700B40498 /* TempStudent.swift in Sources */ = {isa = PBXBuildFile; fileRef = 1010CBD62ACEC30700B40498 /* TempStudent.swift */; };
		1010CBD92ACEC5FE00B40498 /* StudentInfoViewModel.swift in Sources */ = {isa = PBXBuildFile; fileRef = 1010CBD82ACEC5FE00B40498 /* StudentInfoViewModel.swift */; };
		1010CBDC2ACEC66600B40498 /* CustomObservable.swift in Sources */ = {isa = PBXBuildFile; fileRef = 1010CBDB2ACEC66600B40498 /* CustomObservable.swift */; };
		1010CBE62ACFA45500B40498 /* CustomStudentNameView.swift in Sources */ = {isa = PBXBuildFile; fileRef = 1010CBE52ACFA45500B40498 /* CustomStudentNameView.swift */; };
		1010CBE82ACFB0A100B40498 /* CustomStudentPhoneNumberView.swift in Sources */ = {isa = PBXBuildFile; fileRef = 1010CBE72ACFB0A100B40498 /* CustomStudentPhoneNumberView.swift */; };
		1010CBEA2ACFB3EF00B40498 /* CustomParentPhoneNumberView.swift in Sources */ = {isa = PBXBuildFile; fileRef = 1010CBE92ACFB3EF00B40498 /* CustomParentPhoneNumberView.swift */; };
		1010CBEC2ACFB42100B40498 /* CustomStudentIconView.swift in Sources */ = {isa = PBXBuildFile; fileRef = 1010CBEB2ACFB42100B40498 /* CustomStudentIconView.swift */; };
		1010CBF02ACFB4E100B40498 /* CustomLessonTimeView.swift in Sources */ = {isa = PBXBuildFile; fileRef = 1010CBEF2ACFB4E100B40498 /* CustomLessonTimeView.swift */; };
		1010CBF22ACFB5FF00B40498 /* CustomWeekCountView.swift in Sources */ = {isa = PBXBuildFile; fileRef = 1010CBF12ACFB5FF00B40498 /* CustomWeekCountView.swift */; };
		1010CBF72ACFEA3500B40498 /* UIResponder+.swift in Sources */ = {isa = PBXBuildFile; fileRef = 1010CBF62ACFEA3500B40498 /* UIResponder+.swift */; };
		1010CBF92AD0122A00B40498 /* StartDateInfoViewModel.swift in Sources */ = {isa = PBXBuildFile; fileRef = 1010CBF82AD0122A00B40498 /* StartDateInfoViewModel.swift */; };
		1010CBFC2AD12C1500B40498 /* DateManager.swift in Sources */ = {isa = PBXBuildFile; fileRef = 1010CBFB2AD12C1500B40498 /* DateManager.swift */; };
		1010CC262AD2670500B40498 /* ElliotableCell.swift in Sources */ = {isa = PBXBuildFile; fileRef = 1010CC202AD2670500B40498 /* ElliotableCell.swift */; };
		1010CC272AD2670500B40498 /* ElliotableError.swift in Sources */ = {isa = PBXBuildFile; fileRef = 1010CC212AD2670500B40498 /* ElliotableError.swift */; };
		1010CC282AD2670500B40498 /* ElliottEvent.swift in Sources */ = {isa = PBXBuildFile; fileRef = 1010CC222AD2670500B40498 /* ElliottEvent.swift */; };
		1010CC292AD2670500B40498 /* Elliotable.swift in Sources */ = {isa = PBXBuildFile; fileRef = 1010CC232AD2670500B40498 /* Elliotable.swift */; };
		1010CC2A2AD2670500B40498 /* ElliotableController.swift in Sources */ = {isa = PBXBuildFile; fileRef = 1010CC242AD2670500B40498 /* ElliotableController.swift */; };
		1010CC2B2AD2670500B40498 /* ElliotDayOption.swift in Sources */ = {isa = PBXBuildFile; fileRef = 1010CC252AD2670500B40498 /* ElliotDayOption.swift */; };
		1010CC2E2AD2673100B40498 /* TimetableCell.swift in Sources */ = {isa = PBXBuildFile; fileRef = 1010CC2D2AD2673000B40498 /* TimetableCell.swift */; };
		1010CC302AD2673900B40498 /* TimetableHeader.swift in Sources */ = {isa = PBXBuildFile; fileRef = 1010CC2F2AD2673900B40498 /* TimetableHeader.swift */; };
		1016FAC32AC93F45003E7612 /* AppDelegate.swift in Sources */ = {isa = PBXBuildFile; fileRef = 1016FAC22AC93F45003E7612 /* AppDelegate.swift */; };
		1016FAC52AC93F45003E7612 /* SceneDelegate.swift in Sources */ = {isa = PBXBuildFile; fileRef = 1016FAC42AC93F45003E7612 /* SceneDelegate.swift */; };
		1016FACC2AC93F47003E7612 /* Assets.xcassets in Resources */ = {isa = PBXBuildFile; fileRef = 1016FACB2AC93F47003E7612 /* Assets.xcassets */; };
		1016FACF2AC93F47003E7612 /* LaunchScreen.storyboard in Resources */ = {isa = PBXBuildFile; fileRef = 1016FACD2AC93F47003E7612 /* LaunchScreen.storyboard */; };
		1016FAE52AC949F3003E7612 /* MainTabBarController.swift in Sources */ = {isa = PBXBuildFile; fileRef = 1016FAE42AC949F3003E7612 /* MainTabBarController.swift */; };
		1016FAE72AC94A00003E7612 /* Tab.swift in Sources */ = {isa = PBXBuildFile; fileRef = 1016FAE62AC94A00003E7612 /* Tab.swift */; };
		1016FAE92AC94A0C003E7612 /* BaseViewController.swift in Sources */ = {isa = PBXBuildFile; fileRef = 1016FAE82AC94A0C003E7612 /* BaseViewController.swift */; };
		1016FAEB2AC94A12003E7612 /* BaseView.swift in Sources */ = {isa = PBXBuildFile; fileRef = 1016FAEA2AC94A12003E7612 /* BaseView.swift */; };
		1016FAED2AC94A96003E7612 /* UIVIew+.swift in Sources */ = {isa = PBXBuildFile; fileRef = 1016FAEC2AC94A96003E7612 /* UIVIew+.swift */; };
		1016FAEF2AC94A9F003E7612 /* UIStackView+.swift in Sources */ = {isa = PBXBuildFile; fileRef = 1016FAEE2AC94A9F003E7612 /* UIStackView+.swift */; };
		1016FAF32AC94ABE003E7612 /* UIViewController+.swift in Sources */ = {isa = PBXBuildFile; fileRef = 1016FAF22AC94ABE003E7612 /* UIViewController+.swift */; };
		1016FAF52AC94AD3003E7612 /* UIColor+.swift in Sources */ = {isa = PBXBuildFile; fileRef = 1016FAF42AC94AD3003E7612 /* UIColor+.swift */; };
		1016FAF72AC957C6003E7612 /* Image.swift in Sources */ = {isa = PBXBuildFile; fileRef = 1016FAF62AC957C6003E7612 /* Image.swift */; };
		1016FAF92AC959C4003E7612 /* Font.swift in Sources */ = {isa = PBXBuildFile; fileRef = 1016FAF82AC959C4003E7612 /* Font.swift */; };
		1016FAFB2AC95AFB003E7612 /* Color.swift in Sources */ = {isa = PBXBuildFile; fileRef = 1016FAFA2AC95AFB003E7612 /* Color.swift */; };
		1016FAFD2AC95D34003E7612 /* ReusableView.swift in Sources */ = {isa = PBXBuildFile; fileRef = 1016FAFC2AC95D34003E7612 /* ReusableView.swift */; };
		1016FAFF2AC95DC2003E7612 /* UICollectionView+ReusableView.swift in Sources */ = {isa = PBXBuildFile; fileRef = 1016FAFE2AC95DC2003E7612 /* UICollectionView+ReusableView.swift */; };
		1016FB032AC95E10003E7612 /* SnapKit in Frameworks */ = {isa = PBXBuildFile; productRef = 1016FB022AC95E10003E7612 /* SnapKit */; };
		1016FB062AC95E1A003E7612 /* Then in Frameworks */ = {isa = PBXBuildFile; productRef = 1016FB052AC95E1A003E7612 /* Then */; };
		1016FB092AC95E3E003E7612 /* Realm in Frameworks */ = {isa = PBXBuildFile; productRef = 1016FB082AC95E3E003E7612 /* Realm */; };
		1016FB0B2AC95E3E003E7612 /* RealmSwift in Frameworks */ = {isa = PBXBuildFile; productRef = 1016FB0A2AC95E3E003E7612 /* RealmSwift */; };
		1016FB0F2AC96239003E7612 /* HomeViewController.swift in Sources */ = {isa = PBXBuildFile; fileRef = 1016FB0E2AC96239003E7612 /* HomeViewController.swift */; };
		1016FB112AC96244003E7612 /* ScheduleViewController.swift in Sources */ = {isa = PBXBuildFile; fileRef = 1016FB102AC96244003E7612 /* ScheduleViewController.swift */; };
		1016FB132AC9624B003E7612 /* HomeView.swift in Sources */ = {isa = PBXBuildFile; fileRef = 1016FB122AC9624B003E7612 /* HomeView.swift */; };
		1016FB152AC96252003E7612 /* ScheduleView.swift in Sources */ = {isa = PBXBuildFile; fileRef = 1016FB142AC96252003E7612 /* ScheduleView.swift */; };
		1016FB212AC969E6003E7612 /* LessonTimeView.swift in Sources */ = {isa = PBXBuildFile; fileRef = 1016FB202AC969E6003E7612 /* LessonTimeView.swift */; };
		1016FB232AC96D18003E7612 /* .gitignore in Resources */ = {isa = PBXBuildFile; fileRef = 1016FB222AC96D18003E7612 /* .gitignore */; };
		1016FB292AC97C2C003E7612 /* StudentCollectionViewCell.swift in Sources */ = {isa = PBXBuildFile; fileRef = 1016FB282AC97C2C003E7612 /* StudentCollectionViewCell.swift */; };
		1016FB2D2AC9C6FB003E7612 /* Student.swift in Sources */ = {isa = PBXBuildFile; fileRef = 1016FB2C2AC9C6FA003E7612 /* Student.swift */; };
		1016FB2F2AC9C892003E7612 /* StudentIcon.swift in Sources */ = {isa = PBXBuildFile; fileRef = 1016FB2E2AC9C892003E7612 /* StudentIcon.swift */; };
		1016FB312AC9CA50003E7612 /* HomeViewModel.swift in Sources */ = {isa = PBXBuildFile; fileRef = 1016FB302AC9CA50003E7612 /* HomeViewModel.swift */; };
		1016FB372ACA90D1003E7612 /* StudentIconButton.swift in Sources */ = {isa = PBXBuildFile; fileRef = 1016FB362ACA90D1003E7612 /* StudentIconButton.swift */; };
		101E39342AE4F2B1001F4534 /* Toast in Frameworks */ = {isa = PBXBuildFile; productRef = 101E39332AE4F2B1001F4534 /* Toast */; };
		101E393C2AE63C51001F4534 /* MemoViewController.swift in Sources */ = {isa = PBXBuildFile; fileRef = 101E393B2AE63C51001F4534 /* MemoViewController.swift */; };
		101E393E2AE63C58001F4534 /* MemoView.swift in Sources */ = {isa = PBXBuildFile; fileRef = 101E393D2AE63C58001F4534 /* MemoView.swift */; };
		101E39402AE63C5E001F4534 /* MemoViewModel.swift in Sources */ = {isa = PBXBuildFile; fileRef = 101E393F2AE63C5E001F4534 /* MemoViewModel.swift */; };
		101E39422AE64127001F4534 /* Setting.swift in Sources */ = {isa = PBXBuildFile; fileRef = 101E39412AE64127001F4534 /* Setting.swift */; };
		101E39592AE7C780001F4534 /* RxCocoa in Frameworks */ = {isa = PBXBuildFile; productRef = 101E39582AE7C780001F4534 /* RxCocoa */; };
		101E395B2AE7C780001F4534 /* RxSwift in Frameworks */ = {isa = PBXBuildFile; productRef = 101E395A2AE7C780001F4534 /* RxSwift */; };
		1048F9392ACA931C00A56C76 /* StudentInfoView.swift in Sources */ = {isa = PBXBuildFile; fileRef = 1048F9382ACA931C00A56C76 /* StudentInfoView.swift */; };
		1048F93B2ACA932400A56C76 /* StudentInfoViewController.swift in Sources */ = {isa = PBXBuildFile; fileRef = 1048F93A2ACA932400A56C76 /* StudentInfoViewController.swift */; };
		1048F93D2ACA935700A56C76 /* LessonInfoViewController.swift in Sources */ = {isa = PBXBuildFile; fileRef = 1048F93C2ACA935700A56C76 /* LessonInfoViewController.swift */; };
		1048F93F2ACA936400A56C76 /* LessonInfoView.swift in Sources */ = {isa = PBXBuildFile; fileRef = 1048F93E2ACA936400A56C76 /* LessonInfoView.swift */; };
		1048F9412ACA936E00A56C76 /* CheckInfoViewController.swift in Sources */ = {isa = PBXBuildFile; fileRef = 1048F9402ACA936E00A56C76 /* CheckInfoViewController.swift */; };
		1048F9432ACA937400A56C76 /* CheckInfoView.swift in Sources */ = {isa = PBXBuildFile; fileRef = 1048F9422ACA937400A56C76 /* CheckInfoView.swift */; };
		1048F9452ACA96C500A56C76 /* CompleteButton.swift in Sources */ = {isa = PBXBuildFile; fileRef = 1048F9442ACA96C500A56C76 /* CompleteButton.swift */; };
		1048F9472ACAAC7E00A56C76 /* CGFloat+.swift in Sources */ = {isa = PBXBuildFile; fileRef = 1048F9462ACAAC7E00A56C76 /* CGFloat+.swift */; };
		1048F94A2ACAACD300A56C76 /* CustomTitleLabel.swift in Sources */ = {isa = PBXBuildFile; fileRef = 1048F9492ACAACD300A56C76 /* CustomTitleLabel.swift */; };
		1048F94C2ACAB54700A56C76 /* StudentIconStackView.swift in Sources */ = {isa = PBXBuildFile; fileRef = 1048F94B2ACAB54700A56C76 /* StudentIconStackView.swift */; };
		1048F94F2ACAF9AE00A56C76 /* CustomTextFieldView.swift in Sources */ = {isa = PBXBuildFile; fileRef = 1048F94E2ACAF9AE00A56C76 /* CustomTextFieldView.swift */; };
		1048F9522ACC02E100A56C76 /* Weekday.swift in Sources */ = {isa = PBXBuildFile; fileRef = 1048F9512ACC02E100A56C76 /* Weekday.swift */; };
		1048F9542ACC0DD700A56C76 /* StudentRepository.swift in Sources */ = {isa = PBXBuildFile; fileRef = 1048F9532ACC0DD700A56C76 /* StudentRepository.swift */; };
		1048F9582ACC647900A56C76 /* SeparatorView.swift in Sources */ = {isa = PBXBuildFile; fileRef = 1048F9572ACC647900A56C76 /* SeparatorView.swift */; };
		1048F9A42ACD0E4E00A56C76 /* CustomButton.swift in Sources */ = {isa = PBXBuildFile; fileRef = 1048F9A32ACD0E4E00A56C76 /* CustomButton.swift */; };
		1048F9A62ACD210200A56C76 /* WeekdayStackView.swift in Sources */ = {isa = PBXBuildFile; fileRef = 1048F9A52ACD210200A56C76 /* WeekdayStackView.swift */; };
		1048F9A82ACD2A2500A56C76 /* LessonTimePickerVIew.swift in Sources */ = {isa = PBXBuildFile; fileRef = 1048F9A72ACD2A2500A56C76 /* LessonTimePickerVIew.swift */; };
		1048F9AC2ACD3E8E00A56C76 /* Date+.swift in Sources */ = {isa = PBXBuildFile; fileRef = 1048F9AB2ACD3E8E00A56C76 /* Date+.swift */; };
		1048F9AE2ACD599900A56C76 /* WeekCountView.swift in Sources */ = {isa = PBXBuildFile; fileRef = 1048F9AD2ACD599900A56C76 /* WeekCountView.swift */; };
		1048F9B02ACD5E7000A56C76 /* NumberPickerView.swift in Sources */ = {isa = PBXBuildFile; fileRef = 1048F9AF2ACD5E7000A56C76 /* NumberPickerView.swift */; };
		1048F9B22ACD6B6E00A56C76 /* CheckBoxButton.swift in Sources */ = {isa = PBXBuildFile; fileRef = 1048F9B12ACD6B6E00A56C76 /* CheckBoxButton.swift */; };
		104C88382AD3D73F00EC283C /* ScheduleViewModel.swift in Sources */ = {isa = PBXBuildFile; fileRef = 104C88372AD3D73F00EC283C /* ScheduleViewModel.swift */; };
		104C883B2AD5135000EC283C /* StudentViewController.swift in Sources */ = {isa = PBXBuildFile; fileRef = 104C883A2AD5135000EC283C /* StudentViewController.swift */; };
		104C883D2AD5135600EC283C /* StudentView.swift in Sources */ = {isa = PBXBuildFile; fileRef = 104C883C2AD5135600EC283C /* StudentView.swift */; };
		104C883F2AD5135C00EC283C /* StudentViewModel.swift in Sources */ = {isa = PBXBuildFile; fileRef = 104C883E2AD5135C00EC283C /* StudentViewModel.swift */; };
		104C88422AD513FA00EC283C /* CustomStudentView.swift in Sources */ = {isa = PBXBuildFile; fileRef = 104C88412AD513FA00EC283C /* CustomStudentView.swift */; };
		104C88442AD5151C00EC283C /* PhoneNumberButton.swift in Sources */ = {isa = PBXBuildFile; fileRef = 104C88432AD5151C00EC283C /* PhoneNumberButton.swift */; };
		107415C52AF4ECC5003820BE /* README.md in Resources */ = {isa = PBXBuildFile; fileRef = 107415C42AF4ECC5003820BE /* README.md */; };
		10A86DB82AD6660E00817092 /* LessonViewController.swift in Sources */ = {isa = PBXBuildFile; fileRef = 10A86DB72AD6660E00817092 /* LessonViewController.swift */; };
		10A86DBA2AD6661500817092 /* LessonVIew.swift in Sources */ = {isa = PBXBuildFile; fileRef = 10A86DB92AD6661500817092 /* LessonVIew.swift */; };
		10A86DBC2AD6661A00817092 /* LessonViewModel.swift in Sources */ = {isa = PBXBuildFile; fileRef = 10A86DBB2AD6661A00817092 /* LessonViewModel.swift */; };
		10A86DC02AD672FB00817092 /* CustomTextView.swift in Sources */ = {isa = PBXBuildFile; fileRef = 10A86DBF2AD672FB00817092 /* CustomTextView.swift */; };
		10A86DC32AD684B600817092 /* IQKeyboardManagerSwift in Frameworks */ = {isa = PBXBuildFile; productRef = 10A86DC22AD684B600817092 /* IQKeyboardManagerSwift */; };
		10A86DC52AD69E8D00817092 /* LessonState.swift in Sources */ = {isa = PBXBuildFile; fileRef = 10A86DC42AD69E8D00817092 /* LessonState.swift */; };
		10CE4FCD2AD9721300FF3E3F /* LessonBottomSheetViewController.swift in Sources */ = {isa = PBXBuildFile; fileRef = 10CE4FCC2AD9721300FF3E3F /* LessonBottomSheetViewController.swift */; };
		10CE4FCF2AD9721F00FF3E3F /* LessonBottomSheetViewModel.swift in Sources */ = {isa = PBXBuildFile; fileRef = 10CE4FCE2AD9721F00FF3E3F /* LessonBottomSheetViewModel.swift */; };
		10CE4FD12AD9722800FF3E3F /* LessonBottomSheetView.swift in Sources */ = {isa = PBXBuildFile; fileRef = 10CE4FD02AD9722800FF3E3F /* LessonBottomSheetView.swift */; };
		10CE4FD32ADAC6F600FF3E3F /* BottomSheetViewController.swift in Sources */ = {isa = PBXBuildFile; fileRef = 10CE4FD22ADAC6F500FF3E3F /* BottomSheetViewController.swift */; };
		10CE4FD62ADAC71400FF3E3F /* FloatingPanel in Frameworks */ = {isa = PBXBuildFile; productRef = 10CE4FD52ADAC71400FF3E3F /* FloatingPanel */; };
		10CE4FD92ADB8DEF00FF3E3F /* MessageVIewController.swift in Sources */ = {isa = PBXBuildFile; fileRef = 10CE4FD82ADB8DEF00FF3E3F /* MessageVIewController.swift */; };
		10CE4FDB2ADB8DF900FF3E3F /* MessageView.swift in Sources */ = {isa = PBXBuildFile; fileRef = 10CE4FDA2ADB8DF900FF3E3F /* MessageView.swift */; };
		10CE4FDD2ADB8E0000FF3E3F /* MessageViewModel.swift in Sources */ = {isa = PBXBuildFile; fileRef = 10CE4FDC2ADB8E0000FF3E3F /* MessageViewModel.swift */; };
		10CE4FE02ADBF90400FF3E3F /* MessagePreviewView.swift in Sources */ = {isa = PBXBuildFile; fileRef = 10CE4FDF2ADBF90400FF3E3F /* MessagePreviewView.swift */; };
		10CE4FE22ADBF90E00FF3E3F /* MessagePreviewViewModel.swift in Sources */ = {isa = PBXBuildFile; fileRef = 10CE4FE12ADBF90E00FF3E3F /* MessagePreviewViewModel.swift */; };
		10CE4FE42ADBF92000FF3E3F /* MessagePreviewViewController.swift in Sources */ = {isa = PBXBuildFile; fileRef = 10CE4FE32ADBF92000FF3E3F /* MessagePreviewViewController.swift */; };
		10DB31522AD5354800ADC8BA /* UIScrollView+.swift in Sources */ = {isa = PBXBuildFile; fileRef = 10DB31512AD5354800ADC8BA /* UIScrollView+.swift */; };
		10EB68E52ADD547200EB108B /* LessonMessage.swift in Sources */ = {isa = PBXBuildFile; fileRef = 10EB68E42ADD547200EB108B /* LessonMessage.swift */; };
/* End PBXBuildFile section */

/* Begin PBXFileReference section */
		100209422ADE54D600571959 /* StudentEditViewController.swift */ = {isa = PBXFileReference; lastKnownFileType = sourcecode.swift; path = StudentEditViewController.swift; sourceTree = "<group>"; };
		100209442ADE54E100571959 /* StudentEditView.swift */ = {isa = PBXFileReference; lastKnownFileType = sourcecode.swift; path = StudentEditView.swift; sourceTree = "<group>"; };
		100209462ADE54E900571959 /* StudentEditViewModel.swift */ = {isa = PBXFileReference; lastKnownFileType = sourcecode.swift; path = StudentEditViewModel.swift; sourceTree = "<group>"; };
		100209482ADE710F00571959 /* UIString+.swift */ = {isa = PBXFileReference; lastKnownFileType = sourcecode.swift; path = "UIString+.swift"; sourceTree = "<group>"; };
		1002094A2ADE78F600571959 /* CustomStartWeekdayView.swift */ = {isa = PBXFileReference; lastKnownFileType = sourcecode.swift; path = CustomStartWeekdayView.swift; sourceTree = "<group>"; };
		1002094C2ADEB9DC00571959 /* UIButton+.swift */ = {isa = PBXFileReference; lastKnownFileType = sourcecode.swift; path = "UIButton+.swift"; sourceTree = "<group>"; };
		100209562AE370C100571959 /* SettingViewController.swift */ = {isa = PBXFileReference; lastKnownFileType = sourcecode.swift; path = SettingViewController.swift; sourceTree = "<group>"; };
		100209582AE37A0400571959 /* WebViewController.swift */ = {isa = PBXFileReference; lastKnownFileType = sourcecode.swift; path = WebViewController.swift; sourceTree = "<group>"; };
		1002095B2AE3A1D800571959 /* WebKit.framework */ = {isa = PBXFileReference; lastKnownFileType = wrapper.framework; name = WebKit.framework; path = System/Library/Frameworks/WebKit.framework; sourceTree = SDKROOT; };
		10033CDD2AD581D900379DA0 /* EmptyView.swift */ = {isa = PBXFileReference; lastKnownFileType = sourcecode.swift; path = EmptyView.swift; sourceTree = "<group>"; };
		1010CBBA2ACDB2D400B40498 /* UIPickerView+.swift */ = {isa = PBXFileReference; lastKnownFileType = sourcecode.swift; path = "UIPickerView+.swift"; sourceTree = "<group>"; };
		1010CBC02ACE774500B40498 /* LessonTimeCell.swift */ = {isa = PBXFileReference; lastKnownFileType = sourcecode.swift; path = LessonTimeCell.swift; sourceTree = "<group>"; };
		1010CBC42ACE788500B40498 /* LessonTime.swift */ = {isa = PBXFileReference; lastKnownFileType = sourcecode.swift; path = LessonTime.swift; sourceTree = "<group>"; };
		1010CBC62ACE78CF00B40498 /* LessonInfoViewModel.swift */ = {isa = PBXFileReference; lastKnownFileType = sourcecode.swift; path = LessonInfoViewModel.swift; sourceTree = "<group>"; };
		1010CBC92ACE839B00B40498 /* StartDateInfoViewController.swift */ = {isa = PBXFileReference; lastKnownFileType = sourcecode.swift; path = StartDateInfoViewController.swift; sourceTree = "<group>"; };
		1010CBCB2ACE83A200B40498 /* StartDateInfoView.swift */ = {isa = PBXFileReference; lastKnownFileType = sourcecode.swift; path = StartDateInfoView.swift; sourceTree = "<group>"; };
		1010CBD02ACE8E3700B40498 /* CalendarView.swift */ = {isa = PBXFileReference; lastKnownFileType = sourcecode.swift; path = CalendarView.swift; sourceTree = "<group>"; };
		1010CBD22ACEA4D700B40498 /* CustomCheckInfoView.swift */ = {isa = PBXFileReference; lastKnownFileType = sourcecode.swift; path = CustomCheckInfoView.swift; sourceTree = "<group>"; };
		1010CBD42ACEA63A00B40498 /* CustomCheckInfoLabel.swift */ = {isa = PBXFileReference; lastKnownFileType = sourcecode.swift; path = CustomCheckInfoLabel.swift; sourceTree = "<group>"; };
		1010CBD62ACEC30700B40498 /* TempStudent.swift */ = {isa = PBXFileReference; lastKnownFileType = sourcecode.swift; path = TempStudent.swift; sourceTree = "<group>"; };
		1010CBD82ACEC5FE00B40498 /* StudentInfoViewModel.swift */ = {isa = PBXFileReference; lastKnownFileType = sourcecode.swift; path = StudentInfoViewModel.swift; sourceTree = "<group>"; };
		1010CBDB2ACEC66600B40498 /* CustomObservable.swift */ = {isa = PBXFileReference; lastKnownFileType = sourcecode.swift; path = CustomObservable.swift; sourceTree = "<group>"; };
		1010CBE52ACFA45500B40498 /* CustomStudentNameView.swift */ = {isa = PBXFileReference; lastKnownFileType = sourcecode.swift; path = CustomStudentNameView.swift; sourceTree = "<group>"; };
		1010CBE72ACFB0A100B40498 /* CustomStudentPhoneNumberView.swift */ = {isa = PBXFileReference; lastKnownFileType = sourcecode.swift; path = CustomStudentPhoneNumberView.swift; sourceTree = "<group>"; };
		1010CBE92ACFB3EF00B40498 /* CustomParentPhoneNumberView.swift */ = {isa = PBXFileReference; lastKnownFileType = sourcecode.swift; path = CustomParentPhoneNumberView.swift; sourceTree = "<group>"; };
		1010CBEB2ACFB42100B40498 /* CustomStudentIconView.swift */ = {isa = PBXFileReference; lastKnownFileType = sourcecode.swift; path = CustomStudentIconView.swift; sourceTree = "<group>"; };
		1010CBEF2ACFB4E100B40498 /* CustomLessonTimeView.swift */ = {isa = PBXFileReference; lastKnownFileType = sourcecode.swift; path = CustomLessonTimeView.swift; sourceTree = "<group>"; };
		1010CBF12ACFB5FF00B40498 /* CustomWeekCountView.swift */ = {isa = PBXFileReference; lastKnownFileType = sourcecode.swift; path = CustomWeekCountView.swift; sourceTree = "<group>"; };
		1010CBF62ACFEA3500B40498 /* UIResponder+.swift */ = {isa = PBXFileReference; lastKnownFileType = sourcecode.swift; path = "UIResponder+.swift"; sourceTree = "<group>"; };
		1010CBF82AD0122A00B40498 /* StartDateInfoViewModel.swift */ = {isa = PBXFileReference; lastKnownFileType = sourcecode.swift; path = StartDateInfoViewModel.swift; sourceTree = "<group>"; };
		1010CBFB2AD12C1500B40498 /* DateManager.swift */ = {isa = PBXFileReference; lastKnownFileType = sourcecode.swift; path = DateManager.swift; sourceTree = "<group>"; };
		1010CC202AD2670500B40498 /* ElliotableCell.swift */ = {isa = PBXFileReference; fileEncoding = 4; lastKnownFileType = sourcecode.swift; path = ElliotableCell.swift; sourceTree = "<group>"; };
		1010CC212AD2670500B40498 /* ElliotableError.swift */ = {isa = PBXFileReference; fileEncoding = 4; lastKnownFileType = sourcecode.swift; path = ElliotableError.swift; sourceTree = "<group>"; };
		1010CC222AD2670500B40498 /* ElliottEvent.swift */ = {isa = PBXFileReference; fileEncoding = 4; lastKnownFileType = sourcecode.swift; path = ElliottEvent.swift; sourceTree = "<group>"; };
		1010CC232AD2670500B40498 /* Elliotable.swift */ = {isa = PBXFileReference; fileEncoding = 4; lastKnownFileType = sourcecode.swift; path = Elliotable.swift; sourceTree = "<group>"; };
		1010CC242AD2670500B40498 /* ElliotableController.swift */ = {isa = PBXFileReference; fileEncoding = 4; lastKnownFileType = sourcecode.swift; path = ElliotableController.swift; sourceTree = "<group>"; };
		1010CC252AD2670500B40498 /* ElliotDayOption.swift */ = {isa = PBXFileReference; fileEncoding = 4; lastKnownFileType = sourcecode.swift; path = ElliotDayOption.swift; sourceTree = "<group>"; };
		1010CC2D2AD2673000B40498 /* TimetableCell.swift */ = {isa = PBXFileReference; fileEncoding = 4; lastKnownFileType = sourcecode.swift; path = TimetableCell.swift; sourceTree = "<group>"; };
		1010CC2F2AD2673900B40498 /* TimetableHeader.swift */ = {isa = PBXFileReference; fileEncoding = 4; lastKnownFileType = sourcecode.swift; path = TimetableHeader.swift; sourceTree = "<group>"; };
		1016FABF2AC93F45003E7612 /* LessonNote.app */ = {isa = PBXFileReference; explicitFileType = wrapper.application; includeInIndex = 0; path = LessonNote.app; sourceTree = BUILT_PRODUCTS_DIR; };
		1016FAC22AC93F45003E7612 /* AppDelegate.swift */ = {isa = PBXFileReference; lastKnownFileType = sourcecode.swift; path = AppDelegate.swift; sourceTree = "<group>"; };
		1016FAC42AC93F45003E7612 /* SceneDelegate.swift */ = {isa = PBXFileReference; lastKnownFileType = sourcecode.swift; path = SceneDelegate.swift; sourceTree = "<group>"; };
		1016FACB2AC93F47003E7612 /* Assets.xcassets */ = {isa = PBXFileReference; lastKnownFileType = folder.assetcatalog; path = Assets.xcassets; sourceTree = "<group>"; };
		1016FACE2AC93F47003E7612 /* Base */ = {isa = PBXFileReference; lastKnownFileType = file.storyboard; name = Base; path = Base.lproj/LaunchScreen.storyboard; sourceTree = "<group>"; };
		1016FAD02AC93F47003E7612 /* Info.plist */ = {isa = PBXFileReference; lastKnownFileType = text.plist.xml; path = Info.plist; sourceTree = "<group>"; };
		1016FAE42AC949F3003E7612 /* MainTabBarController.swift */ = {isa = PBXFileReference; lastKnownFileType = sourcecode.swift; path = MainTabBarController.swift; sourceTree = "<group>"; };
		1016FAE62AC94A00003E7612 /* Tab.swift */ = {isa = PBXFileReference; lastKnownFileType = sourcecode.swift; path = Tab.swift; sourceTree = "<group>"; };
		1016FAE82AC94A0C003E7612 /* BaseViewController.swift */ = {isa = PBXFileReference; lastKnownFileType = sourcecode.swift; path = BaseViewController.swift; sourceTree = "<group>"; };
		1016FAEA2AC94A12003E7612 /* BaseView.swift */ = {isa = PBXFileReference; lastKnownFileType = sourcecode.swift; path = BaseView.swift; sourceTree = "<group>"; };
		1016FAEC2AC94A96003E7612 /* UIVIew+.swift */ = {isa = PBXFileReference; lastKnownFileType = sourcecode.swift; path = "UIVIew+.swift"; sourceTree = "<group>"; };
		1016FAEE2AC94A9F003E7612 /* UIStackView+.swift */ = {isa = PBXFileReference; lastKnownFileType = sourcecode.swift; path = "UIStackView+.swift"; sourceTree = "<group>"; };
		1016FAF22AC94ABE003E7612 /* UIViewController+.swift */ = {isa = PBXFileReference; lastKnownFileType = sourcecode.swift; path = "UIViewController+.swift"; sourceTree = "<group>"; };
		1016FAF42AC94AD3003E7612 /* UIColor+.swift */ = {isa = PBXFileReference; lastKnownFileType = sourcecode.swift; path = "UIColor+.swift"; sourceTree = "<group>"; };
		1016FAF62AC957C6003E7612 /* Image.swift */ = {isa = PBXFileReference; lastKnownFileType = sourcecode.swift; path = Image.swift; sourceTree = "<group>"; };
		1016FAF82AC959C4003E7612 /* Font.swift */ = {isa = PBXFileReference; lastKnownFileType = sourcecode.swift; path = Font.swift; sourceTree = "<group>"; };
		1016FAFA2AC95AFB003E7612 /* Color.swift */ = {isa = PBXFileReference; lastKnownFileType = sourcecode.swift; path = Color.swift; sourceTree = "<group>"; };
		1016FAFC2AC95D34003E7612 /* ReusableView.swift */ = {isa = PBXFileReference; lastKnownFileType = sourcecode.swift; path = ReusableView.swift; sourceTree = "<group>"; };
		1016FAFE2AC95DC2003E7612 /* UICollectionView+ReusableView.swift */ = {isa = PBXFileReference; lastKnownFileType = sourcecode.swift; path = "UICollectionView+ReusableView.swift"; sourceTree = "<group>"; };
		1016FB0E2AC96239003E7612 /* HomeViewController.swift */ = {isa = PBXFileReference; lastKnownFileType = sourcecode.swift; path = HomeViewController.swift; sourceTree = "<group>"; };
		1016FB102AC96244003E7612 /* ScheduleViewController.swift */ = {isa = PBXFileReference; lastKnownFileType = sourcecode.swift; path = ScheduleViewController.swift; sourceTree = "<group>"; };
		1016FB122AC9624B003E7612 /* HomeView.swift */ = {isa = PBXFileReference; lastKnownFileType = sourcecode.swift; path = HomeView.swift; sourceTree = "<group>"; };
		1016FB142AC96252003E7612 /* ScheduleView.swift */ = {isa = PBXFileReference; lastKnownFileType = sourcecode.swift; path = ScheduleView.swift; sourceTree = "<group>"; };
		1016FB202AC969E6003E7612 /* LessonTimeView.swift */ = {isa = PBXFileReference; lastKnownFileType = sourcecode.swift; path = LessonTimeView.swift; sourceTree = "<group>"; };
		1016FB222AC96D18003E7612 /* .gitignore */ = {isa = PBXFileReference; lastKnownFileType = text; path = .gitignore; sourceTree = "<group>"; };
		1016FB282AC97C2C003E7612 /* StudentCollectionViewCell.swift */ = {isa = PBXFileReference; lastKnownFileType = sourcecode.swift; path = StudentCollectionViewCell.swift; sourceTree = "<group>"; };
		1016FB2C2AC9C6FA003E7612 /* Student.swift */ = {isa = PBXFileReference; lastKnownFileType = sourcecode.swift; path = Student.swift; sourceTree = "<group>"; };
		1016FB2E2AC9C892003E7612 /* StudentIcon.swift */ = {isa = PBXFileReference; lastKnownFileType = sourcecode.swift; path = StudentIcon.swift; sourceTree = "<group>"; };
		1016FB302AC9CA50003E7612 /* HomeViewModel.swift */ = {isa = PBXFileReference; lastKnownFileType = sourcecode.swift; path = HomeViewModel.swift; sourceTree = "<group>"; };
		1016FB362ACA90D1003E7612 /* StudentIconButton.swift */ = {isa = PBXFileReference; lastKnownFileType = sourcecode.swift; path = StudentIconButton.swift; sourceTree = "<group>"; };
		101E393B2AE63C51001F4534 /* MemoViewController.swift */ = {isa = PBXFileReference; lastKnownFileType = sourcecode.swift; path = MemoViewController.swift; sourceTree = "<group>"; };
		101E393D2AE63C58001F4534 /* MemoView.swift */ = {isa = PBXFileReference; lastKnownFileType = sourcecode.swift; path = MemoView.swift; sourceTree = "<group>"; };
		101E393F2AE63C5E001F4534 /* MemoViewModel.swift */ = {isa = PBXFileReference; lastKnownFileType = sourcecode.swift; path = MemoViewModel.swift; sourceTree = "<group>"; };
		101E39412AE64127001F4534 /* Setting.swift */ = {isa = PBXFileReference; lastKnownFileType = sourcecode.swift; path = Setting.swift; sourceTree = "<group>"; };
		1048F9382ACA931C00A56C76 /* StudentInfoView.swift */ = {isa = PBXFileReference; lastKnownFileType = sourcecode.swift; path = StudentInfoView.swift; sourceTree = "<group>"; };
		1048F93A2ACA932400A56C76 /* StudentInfoViewController.swift */ = {isa = PBXFileReference; lastKnownFileType = sourcecode.swift; path = StudentInfoViewController.swift; sourceTree = "<group>"; };
		1048F93C2ACA935700A56C76 /* LessonInfoViewController.swift */ = {isa = PBXFileReference; lastKnownFileType = sourcecode.swift; path = LessonInfoViewController.swift; sourceTree = "<group>"; };
		1048F93E2ACA936400A56C76 /* LessonInfoView.swift */ = {isa = PBXFileReference; lastKnownFileType = sourcecode.swift; path = LessonInfoView.swift; sourceTree = "<group>"; };
		1048F9402ACA936E00A56C76 /* CheckInfoViewController.swift */ = {isa = PBXFileReference; lastKnownFileType = sourcecode.swift; path = CheckInfoViewController.swift; sourceTree = "<group>"; };
		1048F9422ACA937400A56C76 /* CheckInfoView.swift */ = {isa = PBXFileReference; lastKnownFileType = sourcecode.swift; path = CheckInfoView.swift; sourceTree = "<group>"; };
		1048F9442ACA96C500A56C76 /* CompleteButton.swift */ = {isa = PBXFileReference; lastKnownFileType = sourcecode.swift; path = CompleteButton.swift; sourceTree = "<group>"; };
		1048F9462ACAAC7E00A56C76 /* CGFloat+.swift */ = {isa = PBXFileReference; lastKnownFileType = sourcecode.swift; path = "CGFloat+.swift"; sourceTree = "<group>"; };
		1048F9492ACAACD300A56C76 /* CustomTitleLabel.swift */ = {isa = PBXFileReference; lastKnownFileType = sourcecode.swift; path = CustomTitleLabel.swift; sourceTree = "<group>"; };
		1048F94B2ACAB54700A56C76 /* StudentIconStackView.swift */ = {isa = PBXFileReference; lastKnownFileType = sourcecode.swift; path = StudentIconStackView.swift; sourceTree = "<group>"; };
		1048F94E2ACAF9AE00A56C76 /* CustomTextFieldView.swift */ = {isa = PBXFileReference; lastKnownFileType = sourcecode.swift; path = CustomTextFieldView.swift; sourceTree = "<group>"; };
		1048F9512ACC02E100A56C76 /* Weekday.swift */ = {isa = PBXFileReference; lastKnownFileType = sourcecode.swift; path = Weekday.swift; sourceTree = "<group>"; };
		1048F9532ACC0DD700A56C76 /* StudentRepository.swift */ = {isa = PBXFileReference; lastKnownFileType = sourcecode.swift; path = StudentRepository.swift; sourceTree = "<group>"; };
		1048F9572ACC647900A56C76 /* SeparatorView.swift */ = {isa = PBXFileReference; lastKnownFileType = sourcecode.swift; path = SeparatorView.swift; sourceTree = "<group>"; };
		1048F9A32ACD0E4E00A56C76 /* CustomButton.swift */ = {isa = PBXFileReference; lastKnownFileType = sourcecode.swift; path = CustomButton.swift; sourceTree = "<group>"; };
		1048F9A52ACD210200A56C76 /* WeekdayStackView.swift */ = {isa = PBXFileReference; lastKnownFileType = sourcecode.swift; path = WeekdayStackView.swift; sourceTree = "<group>"; };
		1048F9A72ACD2A2500A56C76 /* LessonTimePickerVIew.swift */ = {isa = PBXFileReference; lastKnownFileType = sourcecode.swift; path = LessonTimePickerVIew.swift; sourceTree = "<group>"; };
		1048F9AB2ACD3E8E00A56C76 /* Date+.swift */ = {isa = PBXFileReference; lastKnownFileType = sourcecode.swift; path = "Date+.swift"; sourceTree = "<group>"; };
		1048F9AD2ACD599900A56C76 /* WeekCountView.swift */ = {isa = PBXFileReference; lastKnownFileType = sourcecode.swift; path = WeekCountView.swift; sourceTree = "<group>"; };
		1048F9AF2ACD5E7000A56C76 /* NumberPickerView.swift */ = {isa = PBXFileReference; lastKnownFileType = sourcecode.swift; path = NumberPickerView.swift; sourceTree = "<group>"; };
		1048F9B12ACD6B6E00A56C76 /* CheckBoxButton.swift */ = {isa = PBXFileReference; lastKnownFileType = sourcecode.swift; path = CheckBoxButton.swift; sourceTree = "<group>"; };
		104C88372AD3D73F00EC283C /* ScheduleViewModel.swift */ = {isa = PBXFileReference; lastKnownFileType = sourcecode.swift; path = ScheduleViewModel.swift; sourceTree = "<group>"; };
		104C883A2AD5135000EC283C /* StudentViewController.swift */ = {isa = PBXFileReference; lastKnownFileType = sourcecode.swift; path = StudentViewController.swift; sourceTree = "<group>"; };
		104C883C2AD5135600EC283C /* StudentView.swift */ = {isa = PBXFileReference; lastKnownFileType = sourcecode.swift; path = StudentView.swift; sourceTree = "<group>"; };
		104C883E2AD5135C00EC283C /* StudentViewModel.swift */ = {isa = PBXFileReference; lastKnownFileType = sourcecode.swift; path = StudentViewModel.swift; sourceTree = "<group>"; };
		104C88412AD513FA00EC283C /* CustomStudentView.swift */ = {isa = PBXFileReference; lastKnownFileType = sourcecode.swift; path = CustomStudentView.swift; sourceTree = "<group>"; };
		104C88432AD5151C00EC283C /* PhoneNumberButton.swift */ = {isa = PBXFileReference; lastKnownFileType = sourcecode.swift; path = PhoneNumberButton.swift; sourceTree = "<group>"; };
		107415C42AF4ECC5003820BE /* README.md */ = {isa = PBXFileReference; lastKnownFileType = net.daringfireball.markdown; path = README.md; sourceTree = "<group>"; };
		10A86DB72AD6660E00817092 /* LessonViewController.swift */ = {isa = PBXFileReference; lastKnownFileType = sourcecode.swift; path = LessonViewController.swift; sourceTree = "<group>"; };
		10A86DB92AD6661500817092 /* LessonVIew.swift */ = {isa = PBXFileReference; lastKnownFileType = sourcecode.swift; path = LessonVIew.swift; sourceTree = "<group>"; };
		10A86DBB2AD6661A00817092 /* LessonViewModel.swift */ = {isa = PBXFileReference; lastKnownFileType = sourcecode.swift; path = LessonViewModel.swift; sourceTree = "<group>"; };
		10A86DBF2AD672FB00817092 /* CustomTextView.swift */ = {isa = PBXFileReference; fileEncoding = 4; lastKnownFileType = sourcecode.swift; path = CustomTextView.swift; sourceTree = "<group>"; };
		10A86DC42AD69E8D00817092 /* LessonState.swift */ = {isa = PBXFileReference; lastKnownFileType = sourcecode.swift; path = LessonState.swift; sourceTree = "<group>"; };
		10CE4FCC2AD9721300FF3E3F /* LessonBottomSheetViewController.swift */ = {isa = PBXFileReference; lastKnownFileType = sourcecode.swift; path = LessonBottomSheetViewController.swift; sourceTree = "<group>"; };
		10CE4FCE2AD9721F00FF3E3F /* LessonBottomSheetViewModel.swift */ = {isa = PBXFileReference; lastKnownFileType = sourcecode.swift; path = LessonBottomSheetViewModel.swift; sourceTree = "<group>"; };
		10CE4FD02AD9722800FF3E3F /* LessonBottomSheetView.swift */ = {isa = PBXFileReference; lastKnownFileType = sourcecode.swift; path = LessonBottomSheetView.swift; sourceTree = "<group>"; };
		10CE4FD22ADAC6F500FF3E3F /* BottomSheetViewController.swift */ = {isa = PBXFileReference; fileEncoding = 4; lastKnownFileType = sourcecode.swift; path = BottomSheetViewController.swift; sourceTree = "<group>"; };
		10CE4FD82ADB8DEF00FF3E3F /* MessageVIewController.swift */ = {isa = PBXFileReference; lastKnownFileType = sourcecode.swift; path = MessageVIewController.swift; sourceTree = "<group>"; };
		10CE4FDA2ADB8DF900FF3E3F /* MessageView.swift */ = {isa = PBXFileReference; lastKnownFileType = sourcecode.swift; path = MessageView.swift; sourceTree = "<group>"; };
		10CE4FDC2ADB8E0000FF3E3F /* MessageViewModel.swift */ = {isa = PBXFileReference; lastKnownFileType = sourcecode.swift; path = MessageViewModel.swift; sourceTree = "<group>"; };
		10CE4FDF2ADBF90400FF3E3F /* MessagePreviewView.swift */ = {isa = PBXFileReference; lastKnownFileType = sourcecode.swift; path = MessagePreviewView.swift; sourceTree = "<group>"; };
		10CE4FE12ADBF90E00FF3E3F /* MessagePreviewViewModel.swift */ = {isa = PBXFileReference; lastKnownFileType = sourcecode.swift; path = MessagePreviewViewModel.swift; sourceTree = "<group>"; };
		10CE4FE32ADBF92000FF3E3F /* MessagePreviewViewController.swift */ = {isa = PBXFileReference; lastKnownFileType = sourcecode.swift; path = MessagePreviewViewController.swift; sourceTree = "<group>"; };
		10DB31512AD5354800ADC8BA /* UIScrollView+.swift */ = {isa = PBXFileReference; lastKnownFileType = sourcecode.swift; path = "UIScrollView+.swift"; sourceTree = "<group>"; };
		10EB68E42ADD547200EB108B /* LessonMessage.swift */ = {isa = PBXFileReference; lastKnownFileType = sourcecode.swift; path = LessonMessage.swift; sourceTree = "<group>"; };
/* End PBXFileReference section */

/* Begin PBXFrameworksBuildPhase section */
		1016FABC2AC93F45003E7612 /* Frameworks */ = {
			isa = PBXFrameworksBuildPhase;
			buildActionMask = 2147483647;
			files = (
				101E39592AE7C780001F4534 /* RxCocoa in Frameworks */,
				101E39342AE4F2B1001F4534 /* Toast in Frameworks */,
				101E395B2AE7C780001F4534 /* RxSwift in Frameworks */,
				1016FB0B2AC95E3E003E7612 /* RealmSwift in Frameworks */,
				1016FB092AC95E3E003E7612 /* Realm in Frameworks */,
				1016FB032AC95E10003E7612 /* SnapKit in Frameworks */,
				1010CBBE2ACE4A7D00B40498 /* FSCalendar in Frameworks */,
				1016FB062AC95E1A003E7612 /* Then in Frameworks */,
				10CE4FD62ADAC71400FF3E3F /* FloatingPanel in Frameworks */,
				10A86DC32AD684B600817092 /* IQKeyboardManagerSwift in Frameworks */,
			);
			runOnlyForDeploymentPostprocessing = 0;
		};
/* End PBXFrameworksBuildPhase section */

/* Begin PBXGroup section */
		100209412ADE54C600571959 /* Edit */ = {
			isa = PBXGroup;
			children = (
				100209422ADE54D600571959 /* StudentEditViewController.swift */,
				100209442ADE54E100571959 /* StudentEditView.swift */,
				100209462ADE54E900571959 /* StudentEditViewModel.swift */,
			);
			path = Edit;
			sourceTree = "<group>";
		};
		100209542AE3709800571959 /* Setting */ = {
			isa = PBXGroup;
			children = (
				100209562AE370C100571959 /* SettingViewController.swift */,
				100209582AE37A0400571959 /* WebViewController.swift */,
			);
			path = Setting;
			sourceTree = "<group>";
		};
		1002095A2AE3A1D800571959 /* Frameworks */ = {
			isa = PBXGroup;
			children = (
				1002095B2AE3A1D800571959 /* WebKit.framework */,
			);
			name = Frameworks;
			sourceTree = "<group>";
		};
		1010CBBF2ACE4A9800B40498 /* Common */ = {
			isa = PBXGroup;
			children = (
				10A86DBF2AD672FB00817092 /* CustomTextView.swift */,
				1048F9B12ACD6B6E00A56C76 /* CheckBoxButton.swift */,
				1048F9A32ACD0E4E00A56C76 /* CustomButton.swift */,
				10CE4FD22ADAC6F500FF3E3F /* BottomSheetViewController.swift */,
				1048F9442ACA96C500A56C76 /* CompleteButton.swift */,
				1048F9492ACAACD300A56C76 /* CustomTitleLabel.swift */,
				1048F94E2ACAF9AE00A56C76 /* CustomTextFieldView.swift */,
				1048F9572ACC647900A56C76 /* SeparatorView.swift */,
				104C88432AD5151C00EC283C /* PhoneNumberButton.swift */,
				10033CDD2AD581D900379DA0 /* EmptyView.swift */,
			);
			path = Common;
			sourceTree = "<group>";
		};
		1010CBC82ACE837E00B40498 /* StartDateInfo */ = {
			isa = PBXGroup;
			children = (
				1010CBCB2ACE83A200B40498 /* StartDateInfoView.swift */,
				1010CBC92ACE839B00B40498 /* StartDateInfoViewController.swift */,
				1010CBF82AD0122A00B40498 /* StartDateInfoViewModel.swift */,
			);
			path = StartDateInfo;
			sourceTree = "<group>";
		};
		1010CBCE2ACE8D8E00B40498 /* Picker */ = {
			isa = PBXGroup;
			children = (
				1048F9AF2ACD5E7000A56C76 /* NumberPickerView.swift */,
				1048F9A72ACD2A2500A56C76 /* LessonTimePickerVIew.swift */,
			);
			path = Picker;
			sourceTree = "<group>";
		};
		1010CBCF2ACE8DD100B40498 /* LessonTIme */ = {
			isa = PBXGroup;
			children = (
				1016FB202AC969E6003E7612 /* LessonTimeView.swift */,
			);
			path = LessonTIme;
			sourceTree = "<group>";
		};
		1010CBDA2ACEC64700B40498 /* Observable */ = {
			isa = PBXGroup;
			children = (
				1010CBDB2ACEC66600B40498 /* CustomObservable.swift */,
			);
			path = Observable;
			sourceTree = "<group>";
		};
		1010CBE02ACEE6F000B40498 /* Weekday */ = {
			isa = PBXGroup;
			children = (
				1048F9A52ACD210200A56C76 /* WeekdayStackView.swift */,
			);
			path = Weekday;
			sourceTree = "<group>";
		};
		1010CBE12ACEE71F00B40498 /* Calendar */ = {
			isa = PBXGroup;
			children = (
				1010CBD02ACE8E3700B40498 /* CalendarView.swift */,
			);
			path = Calendar;
			sourceTree = "<group>";
		};
		1010CBE22ACEE73300B40498 /* WeekCount */ = {
			isa = PBXGroup;
			children = (
				1048F9AD2ACD599900A56C76 /* WeekCountView.swift */,
			);
			path = WeekCount;
			sourceTree = "<group>";
		};
		1010CBE32ACEE74A00B40498 /* CheckInfo */ = {
			isa = PBXGroup;
			children = (
				1010CBD22ACEA4D700B40498 /* CustomCheckInfoView.swift */,
				1010CBD42ACEA63A00B40498 /* CustomCheckInfoLabel.swift */,
			);
			path = CheckInfo;
			sourceTree = "<group>";
		};
		1010CBE42ACFA3C800B40498 /* AddStudent */ = {
			isa = PBXGroup;
			children = (
				1010CBE52ACFA45500B40498 /* CustomStudentNameView.swift */,
				1010CBEB2ACFB42100B40498 /* CustomStudentIconView.swift */,
				1010CBE72ACFB0A100B40498 /* CustomStudentPhoneNumberView.swift */,
				1010CBE92ACFB3EF00B40498 /* CustomParentPhoneNumberView.swift */,
				1010CBEF2ACFB4E100B40498 /* CustomLessonTimeView.swift */,
				1010CBF12ACFB5FF00B40498 /* CustomWeekCountView.swift */,
				1002094A2ADE78F600571959 /* CustomStartWeekdayView.swift */,
			);
			path = AddStudent;
			sourceTree = "<group>";
		};
		1010CBFA2AD12C0100B40498 /* Date */ = {
			isa = PBXGroup;
			children = (
				1010CBFB2AD12C1500B40498 /* DateManager.swift */,
			);
			path = Date;
			sourceTree = "<group>";
		};
		1010CC1F2AD2670500B40498 /* EllioTable */ = {
			isa = PBXGroup;
			children = (
				1010CC212AD2670500B40498 /* ElliotableError.swift */,
				1010CC222AD2670500B40498 /* ElliottEvent.swift */,
				1010CC232AD2670500B40498 /* Elliotable.swift */,
				1010CC242AD2670500B40498 /* ElliotableController.swift */,
				1010CC252AD2670500B40498 /* ElliotDayOption.swift */,
			);
			path = EllioTable;
			sourceTree = "<group>";
		};
		1010CC2C2AD2672600B40498 /* Header */ = {
			isa = PBXGroup;
			children = (
				1010CC2F2AD2673900B40498 /* TimetableHeader.swift */,
			);
			path = Header;
			sourceTree = "<group>";
		};
		1016FAB62AC93F45003E7612 = {
			isa = PBXGroup;
			children = (
				107415C42AF4ECC5003820BE /* README.md */,
				1016FB222AC96D18003E7612 /* .gitignore */,
				1016FAC12AC93F45003E7612 /* LessonNote */,
				1016FAC02AC93F45003E7612 /* Products */,
				1002095A2AE3A1D800571959 /* Frameworks */,
			);
			sourceTree = "<group>";
		};
		1016FAC02AC93F45003E7612 /* Products */ = {
			isa = PBXGroup;
			children = (
				1016FABF2AC93F45003E7612 /* LessonNote.app */,
			);
			name = Products;
			sourceTree = "<group>";
		};
		1016FAC12AC93F45003E7612 /* LessonNote */ = {
			isa = PBXGroup;
			children = (
				1016FAD62AC94905003E7612 /* Application */,
				1016FAD72AC94918003E7612 /* Global */,
				1016FADA2AC9493A003E7612 /* Data */,
				1016FADB2AC94941003E7612 /* Presentation */,
				1016FAD02AC93F47003E7612 /* Info.plist */,
			);
			path = LessonNote;
			sourceTree = "<group>";
		};
		1016FAD62AC94905003E7612 /* Application */ = {
			isa = PBXGroup;
			children = (
				1016FAC22AC93F45003E7612 /* AppDelegate.swift */,
				1016FAC42AC93F45003E7612 /* SceneDelegate.swift */,
			);
			path = Application;
			sourceTree = "<group>";
		};
		1016FAD72AC94918003E7612 /* Global */ = {
			isa = PBXGroup;
			children = (
				1016FADF2AC94995003E7612 /* Resource */,
				1016FADE2AC94983003E7612 /* Extension */,
				1016FADD2AC9497B003E7612 /* Component */,
				1016FADC2AC94974003E7612 /* Util */,
			);
			path = Global;
			sourceTree = "<group>";
		};
		1016FADA2AC9493A003E7612 /* Data */ = {
			isa = PBXGroup;
			children = (
				1016FB2B2AC9C6E9003E7612 /* Model */,
				1016FB2A2AC9C6DF003E7612 /* Repository */,
			);
			path = Data;
			sourceTree = "<group>";
		};
		1016FADB2AC94941003E7612 /* Presentation */ = {
			isa = PBXGroup;
			children = (
				1016FAE12AC949C2003E7612 /* Tab */,
				1016FAE02AC949BB003E7612 /* Base */,
				1016FB322ACA9000003E7612 /* AddStudent */,
				1016FB0C2AC961E5003E7612 /* Home */,
				1016FB0D2AC96204003E7612 /* Schedule */,
				104C88392AD5133D00EC283C /* Student */,
				10A86DB62AD665E400817092 /* Lesson */,
				10CE4FD72ADB8D5800FF3E3F /* Message */,
				100209542AE3709800571959 /* Setting */,
			);
			path = Presentation;
			sourceTree = "<group>";
		};
		1016FADC2AC94974003E7612 /* Util */ = {
			isa = PBXGroup;
			children = (
				1010CBFA2AD12C0100B40498 /* Date */,
				1048F9502ACC014000A56C76 /* Enum */,
				1010CBDA2ACEC64700B40498 /* Observable */,
				1016FB002AC95DD1003E7612 /* Reusable */,
			);
			path = Util;
			sourceTree = "<group>";
		};
		1016FADD2AC9497B003E7612 /* Component */ = {
			isa = PBXGroup;
			children = (
				1010CC2C2AD2672600B40498 /* Header */,
				1016FB1D2AC96868003E7612 /* Cell */,
				1016FB1A2AC9685A003E7612 /* Custom */,
			);
			path = Component;
			sourceTree = "<group>";
		};
		1016FADE2AC94983003E7612 /* Extension */ = {
			isa = PBXGroup;
			children = (
				1016FAEC2AC94A96003E7612 /* UIVIew+.swift */,
				1016FAF22AC94ABE003E7612 /* UIViewController+.swift */,
				1016FAF42AC94AD3003E7612 /* UIColor+.swift */,
				1016FAEE2AC94A9F003E7612 /* UIStackView+.swift */,
				1048F9462ACAAC7E00A56C76 /* CGFloat+.swift */,
				1048F9AB2ACD3E8E00A56C76 /* Date+.swift */,
				1010CBBA2ACDB2D400B40498 /* UIPickerView+.swift */,
				1010CBF62ACFEA3500B40498 /* UIResponder+.swift */,
				10DB31512AD5354800ADC8BA /* UIScrollView+.swift */,
				100209482ADE710F00571959 /* UIString+.swift */,
				1002094C2ADEB9DC00571959 /* UIButton+.swift */,
			);
			path = Extension;
			sourceTree = "<group>";
		};
		1016FADF2AC94995003E7612 /* Resource */ = {
			isa = PBXGroup;
			children = (
				1016FACD2AC93F47003E7612 /* LaunchScreen.storyboard */,
				1016FACB2AC93F47003E7612 /* Assets.xcassets */,
				1016FAF62AC957C6003E7612 /* Image.swift */,
				1016FAF82AC959C4003E7612 /* Font.swift */,
				1016FAFA2AC95AFB003E7612 /* Color.swift */,
			);
			path = Resource;
			sourceTree = "<group>";
		};
		1016FAE02AC949BB003E7612 /* Base */ = {
			isa = PBXGroup;
			children = (
				1016FAE82AC94A0C003E7612 /* BaseViewController.swift */,
				1016FAEA2AC94A12003E7612 /* BaseView.swift */,
			);
			path = Base;
			sourceTree = "<group>";
		};
		1016FAE12AC949C2003E7612 /* Tab */ = {
			isa = PBXGroup;
			children = (
				1016FAE62AC94A00003E7612 /* Tab.swift */,
				1016FAE42AC949F3003E7612 /* MainTabBarController.swift */,
			);
			path = Tab;
			sourceTree = "<group>";
		};
		1016FB002AC95DD1003E7612 /* Reusable */ = {
			isa = PBXGroup;
			children = (
				1016FAFE2AC95DC2003E7612 /* UICollectionView+ReusableView.swift */,
				1016FAFC2AC95D34003E7612 /* ReusableView.swift */,
			);
			path = Reusable;
			sourceTree = "<group>";
		};
		1016FB0C2AC961E5003E7612 /* Home */ = {
			isa = PBXGroup;
			children = (
				1016FB0E2AC96239003E7612 /* HomeViewController.swift */,
				1016FB122AC9624B003E7612 /* HomeView.swift */,
				1016FB302AC9CA50003E7612 /* HomeViewModel.swift */,
			);
			path = Home;
			sourceTree = "<group>";
		};
		1016FB0D2AC96204003E7612 /* Schedule */ = {
			isa = PBXGroup;
			children = (
				1016FB102AC96244003E7612 /* ScheduleViewController.swift */,
				1016FB142AC96252003E7612 /* ScheduleView.swift */,
				104C88372AD3D73F00EC283C /* ScheduleViewModel.swift */,
			);
			path = Schedule;
			sourceTree = "<group>";
		};
		1016FB1A2AC9685A003E7612 /* Custom */ = {
			isa = PBXGroup;
			children = (
				104C88402AD513DE00EC283C /* Student */,
				1010CC1F2AD2670500B40498 /* EllioTable */,
				1010CBE42ACFA3C800B40498 /* AddStudent */,
				1010CBE12ACEE71F00B40498 /* Calendar */,
				1010CBBF2ACE4A9800B40498 /* Common */,
				1010CBE02ACEE6F000B40498 /* Weekday */,
				1010CBCF2ACE8DD100B40498 /* LessonTIme */,
				1010CBCE2ACE8D8E00B40498 /* Picker */,
				1048F94D2ACAB54B00A56C76 /* StudentIcon */,
				1010CBE22ACEE73300B40498 /* WeekCount */,
				1010CBE32ACEE74A00B40498 /* CheckInfo */,
			);
			path = Custom;
			sourceTree = "<group>";
		};
		1016FB1D2AC96868003E7612 /* Cell */ = {
			isa = PBXGroup;
			children = (
				1010CC202AD2670500B40498 /* ElliotableCell.swift */,
				1010CC2D2AD2673000B40498 /* TimetableCell.swift */,
				1016FB282AC97C2C003E7612 /* StudentCollectionViewCell.swift */,
				1010CBC02ACE774500B40498 /* LessonTimeCell.swift */,
			);
			path = Cell;
			sourceTree = "<group>";
		};
		1016FB2A2AC9C6DF003E7612 /* Repository */ = {
			isa = PBXGroup;
			children = (
				1048F9532ACC0DD700A56C76 /* StudentRepository.swift */,
			);
			path = Repository;
			sourceTree = "<group>";
		};
		1016FB2B2AC9C6E9003E7612 /* Model */ = {
			isa = PBXGroup;
			children = (
				1016FB2C2AC9C6FA003E7612 /* Student.swift */,
				1010CBD62ACEC30700B40498 /* TempStudent.swift */,
				1010CBC42ACE788500B40498 /* LessonTime.swift */,
				10EB68E42ADD547200EB108B /* LessonMessage.swift */,
			);
			path = Model;
			sourceTree = "<group>";
		};
		1016FB322ACA9000003E7612 /* AddStudent */ = {
			isa = PBXGroup;
			children = (
				1016FB332ACA9052003E7612 /* StudentInfo */,
				1016FB342ACA9059003E7612 /* LessonInfo */,
				1010CBC82ACE837E00B40498 /* StartDateInfo */,
				1016FB352ACA907D003E7612 /* CheckInfo */,
			);
			path = AddStudent;
			sourceTree = "<group>";
		};
		1016FB332ACA9052003E7612 /* StudentInfo */ = {
			isa = PBXGroup;
			children = (
				1048F9382ACA931C00A56C76 /* StudentInfoView.swift */,
				1048F93A2ACA932400A56C76 /* StudentInfoViewController.swift */,
				1010CBD82ACEC5FE00B40498 /* StudentInfoViewModel.swift */,
			);
			path = StudentInfo;
			sourceTree = "<group>";
		};
		1016FB342ACA9059003E7612 /* LessonInfo */ = {
			isa = PBXGroup;
			children = (
				10CE4FCB2AD9720100FF3E3F /* Popup */,
				1048F93C2ACA935700A56C76 /* LessonInfoViewController.swift */,
				1048F93E2ACA936400A56C76 /* LessonInfoView.swift */,
				1010CBC62ACE78CF00B40498 /* LessonInfoViewModel.swift */,
			);
			path = LessonInfo;
			sourceTree = "<group>";
		};
		1016FB352ACA907D003E7612 /* CheckInfo */ = {
			isa = PBXGroup;
			children = (
				1048F9422ACA937400A56C76 /* CheckInfoView.swift */,
				1048F9402ACA936E00A56C76 /* CheckInfoViewController.swift */,
			);
			path = CheckInfo;
			sourceTree = "<group>";
		};
		101E393A2AE63C30001F4534 /* Memo */ = {
			isa = PBXGroup;
			children = (
				101E393B2AE63C51001F4534 /* MemoViewController.swift */,
				101E393D2AE63C58001F4534 /* MemoView.swift */,
				101E393F2AE63C5E001F4534 /* MemoViewModel.swift */,
			);
			path = Memo;
			sourceTree = "<group>";
		};
		1048F94D2ACAB54B00A56C76 /* StudentIcon */ = {
			isa = PBXGroup;
			children = (
				1048F94B2ACAB54700A56C76 /* StudentIconStackView.swift */,
				1016FB362ACA90D1003E7612 /* StudentIconButton.swift */,
			);
			path = StudentIcon;
			sourceTree = "<group>";
		};
		1048F9502ACC014000A56C76 /* Enum */ = {
			isa = PBXGroup;
			children = (
				1016FB2E2AC9C892003E7612 /* StudentIcon.swift */,
				1048F9512ACC02E100A56C76 /* Weekday.swift */,
				10A86DC42AD69E8D00817092 /* LessonState.swift */,
				101E39412AE64127001F4534 /* Setting.swift */,
			);
			path = Enum;
			sourceTree = "<group>";
		};
		104C88392AD5133D00EC283C /* Student */ = {
			isa = PBXGroup;
			children = (
				101E393A2AE63C30001F4534 /* Memo */,
				100209412ADE54C600571959 /* Edit */,
				104C883A2AD5135000EC283C /* StudentViewController.swift */,
				104C883C2AD5135600EC283C /* StudentView.swift */,
				104C883E2AD5135C00EC283C /* StudentViewModel.swift */,
			);
			path = Student;
			sourceTree = "<group>";
		};
		104C88402AD513DE00EC283C /* Student */ = {
			isa = PBXGroup;
			children = (
				104C88412AD513FA00EC283C /* CustomStudentView.swift */,
			);
			path = Student;
			sourceTree = "<group>";
		};
		10A86DB62AD665E400817092 /* Lesson */ = {
			isa = PBXGroup;
			children = (
				10A86DB72AD6660E00817092 /* LessonViewController.swift */,
				10A86DB92AD6661500817092 /* LessonVIew.swift */,
				10A86DBB2AD6661A00817092 /* LessonViewModel.swift */,
			);
			path = Lesson;
			sourceTree = "<group>";
		};
		10CE4FCB2AD9720100FF3E3F /* Popup */ = {
			isa = PBXGroup;
			children = (
				10CE4FCC2AD9721300FF3E3F /* LessonBottomSheetViewController.swift */,
				10CE4FCE2AD9721F00FF3E3F /* LessonBottomSheetViewModel.swift */,
				10CE4FD02AD9722800FF3E3F /* LessonBottomSheetView.swift */,
			);
			path = Popup;
			sourceTree = "<group>";
		};
		10CE4FD72ADB8D5800FF3E3F /* Message */ = {
			isa = PBXGroup;
			children = (
				10CE4FDE2ADBF4D100FF3E3F /* MessagePreview */,
				10CE4FD82ADB8DEF00FF3E3F /* MessageVIewController.swift */,
				10CE4FDA2ADB8DF900FF3E3F /* MessageView.swift */,
				10CE4FDC2ADB8E0000FF3E3F /* MessageViewModel.swift */,
			);
			path = Message;
			sourceTree = "<group>";
		};
		10CE4FDE2ADBF4D100FF3E3F /* MessagePreview */ = {
			isa = PBXGroup;
			children = (
				10CE4FDF2ADBF90400FF3E3F /* MessagePreviewView.swift */,
				10CE4FE12ADBF90E00FF3E3F /* MessagePreviewViewModel.swift */,
				10CE4FE32ADBF92000FF3E3F /* MessagePreviewViewController.swift */,
			);
			path = MessagePreview;
			sourceTree = "<group>";
		};
/* End PBXGroup section */

/* Begin PBXNativeTarget section */
		1016FABE2AC93F45003E7612 /* LessonNote */ = {
			isa = PBXNativeTarget;
			buildConfigurationList = 1016FAD32AC93F47003E7612 /* Build configuration list for PBXNativeTarget "LessonNote" */;
			buildPhases = (
				1016FABB2AC93F45003E7612 /* Sources */,
				1016FABC2AC93F45003E7612 /* Frameworks */,
				1016FABD2AC93F45003E7612 /* Resources */,
			);
			buildRules = (
			);
			dependencies = (
			);
			name = LessonNote;
			packageProductDependencies = (
				1016FB022AC95E10003E7612 /* SnapKit */,
				1016FB052AC95E1A003E7612 /* Then */,
				1016FB082AC95E3E003E7612 /* Realm */,
				1016FB0A2AC95E3E003E7612 /* RealmSwift */,
				1010CBBD2ACE4A7D00B40498 /* FSCalendar */,
				10A86DC22AD684B600817092 /* IQKeyboardManagerSwift */,
				10CE4FD52ADAC71400FF3E3F /* FloatingPanel */,
				101E39332AE4F2B1001F4534 /* Toast */,
				101E39582AE7C780001F4534 /* RxCocoa */,
				101E395A2AE7C780001F4534 /* RxSwift */,
			);
			productName = LessonNote;
			productReference = 1016FABF2AC93F45003E7612 /* LessonNote.app */;
			productType = "com.apple.product-type.application";
		};
/* End PBXNativeTarget section */

/* Begin PBXProject section */
		1016FAB72AC93F45003E7612 /* Project object */ = {
			isa = PBXProject;
			attributes = {
				BuildIndependentTargetsInParallel = 1;
				LastSwiftUpdateCheck = 1430;
				LastUpgradeCheck = 1430;
				TargetAttributes = {
					1016FABE2AC93F45003E7612 = {
						CreatedOnToolsVersion = 14.3;
					};
				};
			};
			buildConfigurationList = 1016FABA2AC93F45003E7612 /* Build configuration list for PBXProject "LessonNote" */;
			compatibilityVersion = "Xcode 14.0";
			developmentRegion = en;
			hasScannedForEncodings = 0;
			knownRegions = (
				en,
				Base,
			);
			mainGroup = 1016FAB62AC93F45003E7612;
			packageReferences = (
				1016FB012AC95E10003E7612 /* XCRemoteSwiftPackageReference "SnapKit" */,
				1016FB042AC95E19003E7612 /* XCRemoteSwiftPackageReference "Then" */,
				1016FB072AC95E3E003E7612 /* XCRemoteSwiftPackageReference "realm-swift" */,
				1010CBBC2ACE4A7D00B40498 /* XCRemoteSwiftPackageReference "FSCalendar" */,
				10A86DC12AD684B600817092 /* XCRemoteSwiftPackageReference "IQKeyboardManager" */,
				10CE4FD42ADAC71400FF3E3F /* XCRemoteSwiftPackageReference "FloatingPanel" */,
				101E39322AE4F2B1001F4534 /* XCRemoteSwiftPackageReference "Toast-Swift" */,
				101E39572AE7C780001F4534 /* XCRemoteSwiftPackageReference "RxSwift" */,
			);
			productRefGroup = 1016FAC02AC93F45003E7612 /* Products */;
			projectDirPath = "";
			projectRoot = "";
			targets = (
				1016FABE2AC93F45003E7612 /* LessonNote */,
			);
		};
/* End PBXProject section */

/* Begin PBXResourcesBuildPhase section */
		1016FABD2AC93F45003E7612 /* Resources */ = {
			isa = PBXResourcesBuildPhase;
			buildActionMask = 2147483647;
			files = (
				1016FACF2AC93F47003E7612 /* LaunchScreen.storyboard in Resources */,
				1016FB232AC96D18003E7612 /* .gitignore in Resources */,
				107415C52AF4ECC5003820BE /* README.md in Resources */,
				1016FACC2AC93F47003E7612 /* Assets.xcassets in Resources */,
			);
			runOnlyForDeploymentPostprocessing = 0;
		};
/* End PBXResourcesBuildPhase section */

/* Begin PBXSourcesBuildPhase section */
		1016FABB2AC93F45003E7612 /* Sources */ = {
			isa = PBXSourcesBuildPhase;
			buildActionMask = 2147483647;
			files = (
				1016FAE92AC94A0C003E7612 /* BaseViewController.swift in Sources */,
				101E393E2AE63C58001F4534 /* MemoView.swift in Sources */,
				1010CC292AD2670500B40498 /* Elliotable.swift in Sources */,
				1048F9B22ACD6B6E00A56C76 /* CheckBoxButton.swift in Sources */,
				1048F9392ACA931C00A56C76 /* StudentInfoView.swift in Sources */,
				1016FAFF2AC95DC2003E7612 /* UICollectionView+ReusableView.swift in Sources */,
				1048F9A62ACD210200A56C76 /* WeekdayStackView.swift in Sources */,
				1010CC2E2AD2673100B40498 /* TimetableCell.swift in Sources */,
				1010CBF02ACFB4E100B40498 /* CustomLessonTimeView.swift in Sources */,
				10CE4FCD2AD9721300FF3E3F /* LessonBottomSheetViewController.swift in Sources */,
				1010CBC12ACE774500B40498 /* LessonTimeCell.swift in Sources */,
				1048F9472ACAAC7E00A56C76 /* CGFloat+.swift in Sources */,
				1016FB112AC96244003E7612 /* ScheduleViewController.swift in Sources */,
				10CE4FD32ADAC6F600FF3E3F /* BottomSheetViewController.swift in Sources */,
				100209452ADE54E100571959 /* StudentEditView.swift in Sources */,
				1010CC282AD2670500B40498 /* ElliottEvent.swift in Sources */,
				1016FAED2AC94A96003E7612 /* UIVIew+.swift in Sources */,
				1048F9522ACC02E100A56C76 /* Weekday.swift in Sources */,
				1048F9B02ACD5E7000A56C76 /* NumberPickerView.swift in Sources */,
				1016FAC32AC93F45003E7612 /* AppDelegate.swift in Sources */,
				1016FAE52AC949F3003E7612 /* MainTabBarController.swift in Sources */,
				1010CBEC2ACFB42100B40498 /* CustomStudentIconView.swift in Sources */,
				10CE4FCF2AD9721F00FF3E3F /* LessonBottomSheetViewModel.swift in Sources */,
				10CE4FE02ADBF90400FF3E3F /* MessagePreviewView.swift in Sources */,
				1016FB2D2AC9C6FB003E7612 /* Student.swift in Sources */,
				1048F94F2ACAF9AE00A56C76 /* CustomTextFieldView.swift in Sources */,
				1048F9412ACA936E00A56C76 /* CheckInfoViewController.swift in Sources */,
				1048F9432ACA937400A56C76 /* CheckInfoView.swift in Sources */,
				1010CBBB2ACDB2D400B40498 /* UIPickerView+.swift in Sources */,
				1048F93F2ACA936400A56C76 /* LessonInfoView.swift in Sources */,
				1010CC272AD2670500B40498 /* ElliotableError.swift in Sources */,
				1048F93D2ACA935700A56C76 /* LessonInfoViewController.swift in Sources */,
				10DB31522AD5354800ADC8BA /* UIScrollView+.swift in Sources */,
				1016FAFB2AC95AFB003E7612 /* Color.swift in Sources */,
				1010CBDC2ACEC66600B40498 /* CustomObservable.swift in Sources */,
				1010CBF22ACFB5FF00B40498 /* CustomWeekCountView.swift in Sources */,
				10A86DBC2AD6661A00817092 /* LessonViewModel.swift in Sources */,
				1048F94C2ACAB54700A56C76 /* StudentIconStackView.swift in Sources */,
				1010CBCA2ACE839B00B40498 /* StartDateInfoViewController.swift in Sources */,
				1016FB2F2AC9C892003E7612 /* StudentIcon.swift in Sources */,
				1016FAFD2AC95D34003E7612 /* ReusableView.swift in Sources */,
				1016FAEB2AC94A12003E7612 /* BaseView.swift in Sources */,
				100209572AE370C100571959 /* SettingViewController.swift in Sources */,
				1010CBD72ACEC30700B40498 /* TempStudent.swift in Sources */,
				1016FB132AC9624B003E7612 /* HomeView.swift in Sources */,
				1048F9582ACC647900A56C76 /* SeparatorView.swift in Sources */,
				1016FAF72AC957C6003E7612 /* Image.swift in Sources */,
				1016FAF32AC94ABE003E7612 /* UIViewController+.swift in Sources */,
				1010CBF92AD0122A00B40498 /* StartDateInfoViewModel.swift in Sources */,
				104C88382AD3D73F00EC283C /* ScheduleViewModel.swift in Sources */,
				1048F9A42ACD0E4E00A56C76 /* CustomButton.swift in Sources */,
				1010CBF72ACFEA3500B40498 /* UIResponder+.swift in Sources */,
				1016FAC52AC93F45003E7612 /* SceneDelegate.swift in Sources */,
				10A86DB82AD6660E00817092 /* LessonViewController.swift in Sources */,
				1010CBE62ACFA45500B40498 /* CustomStudentNameView.swift in Sources */,
				100209472ADE54E900571959 /* StudentEditViewModel.swift in Sources */,
				1010CBD92ACEC5FE00B40498 /* StudentInfoViewModel.swift in Sources */,
				1010CC2B2AD2670500B40498 /* ElliotDayOption.swift in Sources */,
				1010CC262AD2670500B40498 /* ElliotableCell.swift in Sources */,
				104C883B2AD5135000EC283C /* StudentViewController.swift in Sources */,
				10A86DC52AD69E8D00817092 /* LessonState.swift in Sources */,
				100209432ADE54D600571959 /* StudentEditViewController.swift in Sources */,
				1048F9A82ACD2A2500A56C76 /* LessonTimePickerVIew.swift in Sources */,
				1016FB0F2AC96239003E7612 /* HomeViewController.swift in Sources */,
				100209492ADE710F00571959 /* UIString+.swift in Sources */,
				1016FAF92AC959C4003E7612 /* Font.swift in Sources */,
				104C88422AD513FA00EC283C /* CustomStudentView.swift in Sources */,
				1016FAE72AC94A00003E7612 /* Tab.swift in Sources */,
				1048F93B2ACA932400A56C76 /* StudentInfoViewController.swift in Sources */,
				1010CBD52ACEA63A00B40498 /* CustomCheckInfoLabel.swift in Sources */,
				1048F94A2ACAACD300A56C76 /* CustomTitleLabel.swift in Sources */,
				1048F9AC2ACD3E8E00A56C76 /* Date+.swift in Sources */,
				10CE4FD92ADB8DEF00FF3E3F /* MessageVIewController.swift in Sources */,
				10A86DC02AD672FB00817092 /* CustomTextView.swift in Sources */,
				1016FAEF2AC94A9F003E7612 /* UIStackView+.swift in Sources */,
				10033CDE2AD581D900379DA0 /* EmptyView.swift in Sources */,
				1010CBC52ACE788500B40498 /* LessonTime.swift in Sources */,
				1002094D2ADEB9DC00571959 /* UIButton+.swift in Sources */,
				1016FB312AC9CA50003E7612 /* HomeViewModel.swift in Sources */,
				1048F9542ACC0DD700A56C76 /* StudentRepository.swift in Sources */,
				1002094B2ADE78F600571959 /* CustomStartWeekdayView.swift in Sources */,
				101E393C2AE63C51001F4534 /* MemoViewController.swift in Sources */,
				101E39402AE63C5E001F4534 /* MemoViewModel.swift in Sources */,
				10A86DBA2AD6661500817092 /* LessonVIew.swift in Sources */,
				104C88442AD5151C00EC283C /* PhoneNumberButton.swift in Sources */,
				10CE4FDB2ADB8DF900FF3E3F /* MessageView.swift in Sources */,
				1010CBE82ACFB0A100B40498 /* CustomStudentPhoneNumberView.swift in Sources */,
				1010CC302AD2673900B40498 /* TimetableHeader.swift in Sources */,
				1016FB212AC969E6003E7612 /* LessonTimeView.swift in Sources */,
				1016FB372ACA90D1003E7612 /* StudentIconButton.swift in Sources */,
				10CE4FD12AD9722800FF3E3F /* LessonBottomSheetView.swift in Sources */,
				1010CBFC2AD12C1500B40498 /* DateManager.swift in Sources */,
				1010CBD32ACEA4D700B40498 /* CustomCheckInfoView.swift in Sources */,
				1010CBC72ACE78CF00B40498 /* LessonInfoViewModel.swift in Sources */,
				100209592AE37A0400571959 /* WebViewController.swift in Sources */,
				10CE4FE22ADBF90E00FF3E3F /* MessagePreviewViewModel.swift in Sources */,
				10CE4FDD2ADB8E0000FF3E3F /* MessageViewModel.swift in Sources */,
				104C883D2AD5135600EC283C /* StudentView.swift in Sources */,
				10EB68E52ADD547200EB108B /* LessonMessage.swift in Sources */,
				1016FAF52AC94AD3003E7612 /* UIColor+.swift in Sources */,
				1010CBD12ACE8E3700B40498 /* CalendarView.swift in Sources */,
				10CE4FE42ADBF92000FF3E3F /* MessagePreviewViewController.swift in Sources */,
				1010CBCC2ACE83A200B40498 /* StartDateInfoView.swift in Sources */,
				1010CC2A2AD2670500B40498 /* ElliotableController.swift in Sources */,
				1016FB292AC97C2C003E7612 /* StudentCollectionViewCell.swift in Sources */,
				1048F9452ACA96C500A56C76 /* CompleteButton.swift in Sources */,
				1010CBEA2ACFB3EF00B40498 /* CustomParentPhoneNumberView.swift in Sources */,
				101E39422AE64127001F4534 /* Setting.swift in Sources */,
				1048F9AE2ACD599900A56C76 /* WeekCountView.swift in Sources */,
				1016FB152AC96252003E7612 /* ScheduleView.swift in Sources */,
				104C883F2AD5135C00EC283C /* StudentViewModel.swift in Sources */,
			);
			runOnlyForDeploymentPostprocessing = 0;
		};
/* End PBXSourcesBuildPhase section */

/* Begin PBXVariantGroup section */
		1016FACD2AC93F47003E7612 /* LaunchScreen.storyboard */ = {
			isa = PBXVariantGroup;
			children = (
				1016FACE2AC93F47003E7612 /* Base */,
			);
			name = LaunchScreen.storyboard;
			sourceTree = "<group>";
		};
/* End PBXVariantGroup section */

/* Begin XCBuildConfiguration section */
		1016FAD12AC93F47003E7612 /* Debug */ = {
			isa = XCBuildConfiguration;
			buildSettings = {
				ALWAYS_SEARCH_USER_PATHS = NO;
				CLANG_ANALYZER_NONNULL = YES;
				CLANG_ANALYZER_NUMBER_OBJECT_CONVERSION = YES_AGGRESSIVE;
				CLANG_CXX_LANGUAGE_STANDARD = "gnu++20";
				CLANG_ENABLE_MODULES = YES;
				CLANG_ENABLE_OBJC_ARC = YES;
				CLANG_ENABLE_OBJC_WEAK = YES;
				CLANG_WARN_BLOCK_CAPTURE_AUTORELEASING = YES;
				CLANG_WARN_BOOL_CONVERSION = YES;
				CLANG_WARN_COMMA = YES;
				CLANG_WARN_CONSTANT_CONVERSION = YES;
				CLANG_WARN_DEPRECATED_OBJC_IMPLEMENTATIONS = YES;
				CLANG_WARN_DIRECT_OBJC_ISA_USAGE = YES_ERROR;
				CLANG_WARN_DOCUMENTATION_COMMENTS = YES;
				CLANG_WARN_EMPTY_BODY = YES;
				CLANG_WARN_ENUM_CONVERSION = YES;
				CLANG_WARN_INFINITE_RECURSION = YES;
				CLANG_WARN_INT_CONVERSION = YES;
				CLANG_WARN_NON_LITERAL_NULL_CONVERSION = YES;
				CLANG_WARN_OBJC_IMPLICIT_RETAIN_SELF = YES;
				CLANG_WARN_OBJC_LITERAL_CONVERSION = YES;
				CLANG_WARN_OBJC_ROOT_CLASS = YES_ERROR;
				CLANG_WARN_QUOTED_INCLUDE_IN_FRAMEWORK_HEADER = YES;
				CLANG_WARN_RANGE_LOOP_ANALYSIS = YES;
				CLANG_WARN_STRICT_PROTOTYPES = YES;
				CLANG_WARN_SUSPICIOUS_MOVE = YES;
				CLANG_WARN_UNGUARDED_AVAILABILITY = YES_AGGRESSIVE;
				CLANG_WARN_UNREACHABLE_CODE = YES;
				CLANG_WARN__DUPLICATE_METHOD_MATCH = YES;
				COPY_PHASE_STRIP = NO;
				DEBUG_INFORMATION_FORMAT = dwarf;
				ENABLE_STRICT_OBJC_MSGSEND = YES;
				ENABLE_TESTABILITY = YES;
				GCC_C_LANGUAGE_STANDARD = gnu11;
				GCC_DYNAMIC_NO_PIC = NO;
				GCC_NO_COMMON_BLOCKS = YES;
				GCC_OPTIMIZATION_LEVEL = 0;
				GCC_PREPROCESSOR_DEFINITIONS = (
					"DEBUG=1",
					"$(inherited)",
				);
				GCC_WARN_64_TO_32_BIT_CONVERSION = YES;
				GCC_WARN_ABOUT_RETURN_TYPE = YES_ERROR;
				GCC_WARN_UNDECLARED_SELECTOR = YES;
				GCC_WARN_UNINITIALIZED_AUTOS = YES_AGGRESSIVE;
				GCC_WARN_UNUSED_FUNCTION = YES;
				GCC_WARN_UNUSED_VARIABLE = YES;
				IPHONEOS_DEPLOYMENT_TARGET = 16.4;
				MTL_ENABLE_DEBUG_INFO = INCLUDE_SOURCE;
				MTL_FAST_MATH = YES;
				ONLY_ACTIVE_ARCH = YES;
				SDKROOT = iphoneos;
				SWIFT_ACTIVE_COMPILATION_CONDITIONS = DEBUG;
				SWIFT_OPTIMIZATION_LEVEL = "-Onone";
			};
			name = Debug;
		};
		1016FAD22AC93F47003E7612 /* Release */ = {
			isa = XCBuildConfiguration;
			buildSettings = {
				ALWAYS_SEARCH_USER_PATHS = NO;
				CLANG_ANALYZER_NONNULL = YES;
				CLANG_ANALYZER_NUMBER_OBJECT_CONVERSION = YES_AGGRESSIVE;
				CLANG_CXX_LANGUAGE_STANDARD = "gnu++20";
				CLANG_ENABLE_MODULES = YES;
				CLANG_ENABLE_OBJC_ARC = YES;
				CLANG_ENABLE_OBJC_WEAK = YES;
				CLANG_WARN_BLOCK_CAPTURE_AUTORELEASING = YES;
				CLANG_WARN_BOOL_CONVERSION = YES;
				CLANG_WARN_COMMA = YES;
				CLANG_WARN_CONSTANT_CONVERSION = YES;
				CLANG_WARN_DEPRECATED_OBJC_IMPLEMENTATIONS = YES;
				CLANG_WARN_DIRECT_OBJC_ISA_USAGE = YES_ERROR;
				CLANG_WARN_DOCUMENTATION_COMMENTS = YES;
				CLANG_WARN_EMPTY_BODY = YES;
				CLANG_WARN_ENUM_CONVERSION = YES;
				CLANG_WARN_INFINITE_RECURSION = YES;
				CLANG_WARN_INT_CONVERSION = YES;
				CLANG_WARN_NON_LITERAL_NULL_CONVERSION = YES;
				CLANG_WARN_OBJC_IMPLICIT_RETAIN_SELF = YES;
				CLANG_WARN_OBJC_LITERAL_CONVERSION = YES;
				CLANG_WARN_OBJC_ROOT_CLASS = YES_ERROR;
				CLANG_WARN_QUOTED_INCLUDE_IN_FRAMEWORK_HEADER = YES;
				CLANG_WARN_RANGE_LOOP_ANALYSIS = YES;
				CLANG_WARN_STRICT_PROTOTYPES = YES;
				CLANG_WARN_SUSPICIOUS_MOVE = YES;
				CLANG_WARN_UNGUARDED_AVAILABILITY = YES_AGGRESSIVE;
				CLANG_WARN_UNREACHABLE_CODE = YES;
				CLANG_WARN__DUPLICATE_METHOD_MATCH = YES;
				COPY_PHASE_STRIP = NO;
				DEBUG_INFORMATION_FORMAT = "dwarf-with-dsym";
				ENABLE_NS_ASSERTIONS = NO;
				ENABLE_STRICT_OBJC_MSGSEND = YES;
				GCC_C_LANGUAGE_STANDARD = gnu11;
				GCC_NO_COMMON_BLOCKS = YES;
				GCC_WARN_64_TO_32_BIT_CONVERSION = YES;
				GCC_WARN_ABOUT_RETURN_TYPE = YES_ERROR;
				GCC_WARN_UNDECLARED_SELECTOR = YES;
				GCC_WARN_UNINITIALIZED_AUTOS = YES_AGGRESSIVE;
				GCC_WARN_UNUSED_FUNCTION = YES;
				GCC_WARN_UNUSED_VARIABLE = YES;
				IPHONEOS_DEPLOYMENT_TARGET = 16.4;
				MTL_ENABLE_DEBUG_INFO = NO;
				MTL_FAST_MATH = YES;
				SDKROOT = iphoneos;
				SWIFT_COMPILATION_MODE = wholemodule;
				SWIFT_OPTIMIZATION_LEVEL = "-O";
				VALIDATE_PRODUCT = YES;
			};
			name = Release;
		};
		1016FAD42AC93F47003E7612 /* Debug */ = {
			isa = XCBuildConfiguration;
			buildSettings = {
				ASSETCATALOG_COMPILER_APPICON_NAME = AppIcon;
				ASSETCATALOG_COMPILER_GLOBAL_ACCENT_COLOR_NAME = AccentColor;
				CODE_SIGN_STYLE = Automatic;
				CURRENT_PROJECT_VERSION = 1;
				DEVELOPMENT_TEAM = 6UJYJPDXP4;
				GENERATE_INFOPLIST_FILE = YES;
				INFOPLIST_FILE = LessonNote/Info.plist;
				INFOPLIST_KEY_CFBundleDisplayName = "레슨노트";
				INFOPLIST_KEY_UIApplicationSupportsIndirectInputEvents = YES;
				INFOPLIST_KEY_UILaunchStoryboardName = LaunchScreen;
				INFOPLIST_KEY_UISupportedInterfaceOrientations = UIInterfaceOrientationPortrait;
				INFOPLIST_KEY_UISupportedInterfaceOrientations_iPad = "UIInterfaceOrientationPortrait UIInterfaceOrientationPortraitUpsideDown";
				INFOPLIST_KEY_UIUserInterfaceStyle = Light;
				IPHONEOS_DEPLOYMENT_TARGET = 16.0;
				LD_RUNPATH_SEARCH_PATHS = (
					"$(inherited)",
					"@executable_path/Frameworks",
				);
				MARKETING_VERSION = 1.03;
				PRODUCT_BUNDLE_IDENTIFIER = com.sesac.LessonNote;
				PRODUCT_NAME = "$(TARGET_NAME)";
				SUPPORTED_PLATFORMS = "iphoneos iphonesimulator";
				SUPPORTS_MACCATALYST = NO;
				SUPPORTS_MAC_DESIGNED_FOR_IPHONE_IPAD = NO;
				SWIFT_EMIT_LOC_STRINGS = YES;
				SWIFT_VERSION = 5.0;
				TARGETED_DEVICE_FAMILY = 1;
			};
			name = Debug;
		};
		1016FAD52AC93F47003E7612 /* Release */ = {
			isa = XCBuildConfiguration;
			buildSettings = {
				ASSETCATALOG_COMPILER_APPICON_NAME = AppIcon;
				ASSETCATALOG_COMPILER_GLOBAL_ACCENT_COLOR_NAME = AccentColor;
				CODE_SIGN_STYLE = Automatic;
				CURRENT_PROJECT_VERSION = 1;
				DEVELOPMENT_TEAM = 6UJYJPDXP4;
				GENERATE_INFOPLIST_FILE = YES;
				INFOPLIST_FILE = LessonNote/Info.plist;
				INFOPLIST_KEY_CFBundleDisplayName = "레슨노트";
				INFOPLIST_KEY_UIApplicationSupportsIndirectInputEvents = YES;
				INFOPLIST_KEY_UILaunchStoryboardName = LaunchScreen;
				INFOPLIST_KEY_UISupportedInterfaceOrientations = UIInterfaceOrientationPortrait;
				INFOPLIST_KEY_UISupportedInterfaceOrientations_iPad = "UIInterfaceOrientationPortrait UIInterfaceOrientationPortraitUpsideDown";
				INFOPLIST_KEY_UIUserInterfaceStyle = Light;
				IPHONEOS_DEPLOYMENT_TARGET = 16.0;
				LD_RUNPATH_SEARCH_PATHS = (
					"$(inherited)",
					"@executable_path/Frameworks",
				);
				MARKETING_VERSION = 1.03;
				PRODUCT_BUNDLE_IDENTIFIER = com.sesac.LessonNote;
				PRODUCT_NAME = "$(TARGET_NAME)";
				SUPPORTED_PLATFORMS = "iphoneos iphonesimulator";
				SUPPORTS_MACCATALYST = NO;
				SUPPORTS_MAC_DESIGNED_FOR_IPHONE_IPAD = NO;
				SWIFT_EMIT_LOC_STRINGS = YES;
				SWIFT_VERSION = 5.0;
				TARGETED_DEVICE_FAMILY = 1;
			};
			name = Release;
		};
/* End XCBuildConfiguration section */

/* Begin XCConfigurationList section */
		1016FABA2AC93F45003E7612 /* Build configuration list for PBXProject "LessonNote" */ = {
			isa = XCConfigurationList;
			buildConfigurations = (
				1016FAD12AC93F47003E7612 /* Debug */,
				1016FAD22AC93F47003E7612 /* Release */,
			);
			defaultConfigurationIsVisible = 0;
			defaultConfigurationName = Release;
		};
		1016FAD32AC93F47003E7612 /* Build configuration list for PBXNativeTarget "LessonNote" */ = {
			isa = XCConfigurationList;
			buildConfigurations = (
				1016FAD42AC93F47003E7612 /* Debug */,
				1016FAD52AC93F47003E7612 /* Release */,
			);
			defaultConfigurationIsVisible = 0;
			defaultConfigurationName = Release;
		};
/* End XCConfigurationList section */

/* Begin XCRemoteSwiftPackageReference section */
		1010CBBC2ACE4A7D00B40498 /* XCRemoteSwiftPackageReference "FSCalendar" */ = {
			isa = XCRemoteSwiftPackageReference;
			repositoryURL = "https://github.com/WenchaoD/FSCalendar";
			requirement = {
				kind = upToNextMajorVersion;
				minimumVersion = 2.0.0;
			};
		};
		1016FB012AC95E10003E7612 /* XCRemoteSwiftPackageReference "SnapKit" */ = {
			isa = XCRemoteSwiftPackageReference;
			repositoryURL = "https://github.com/SnapKit/SnapKit.git";
			requirement = {
				kind = upToNextMajorVersion;
				minimumVersion = 5.0.0;
			};
		};
		1016FB042AC95E19003E7612 /* XCRemoteSwiftPackageReference "Then" */ = {
			isa = XCRemoteSwiftPackageReference;
			repositoryURL = "https://github.com/devxoul/Then";
			requirement = {
				kind = upToNextMajorVersion;
				minimumVersion = 3.0.0;
			};
		};
		1016FB072AC95E3E003E7612 /* XCRemoteSwiftPackageReference "realm-swift" */ = {
			isa = XCRemoteSwiftPackageReference;
			repositoryURL = "https://github.com/realm/realm-swift.git";
			requirement = {
				branch = master;
				kind = branch;
			};
		};
		101E39322AE4F2B1001F4534 /* XCRemoteSwiftPackageReference "Toast-Swift" */ = {
			isa = XCRemoteSwiftPackageReference;
			repositoryURL = "https://github.com/scalessec/Toast-Swift.git";
			requirement = {
				kind = upToNextMajorVersion;
				minimumVersion = 5.0.0;
			};
		};
		101E39572AE7C780001F4534 /* XCRemoteSwiftPackageReference "RxSwift" */ = {
			isa = XCRemoteSwiftPackageReference;
			repositoryURL = "https://github.com/ReactiveX/RxSwift";
			requirement = {
				kind = upToNextMajorVersion;
				minimumVersion = 6.0.0;
			};
		};
		10A86DC12AD684B600817092 /* XCRemoteSwiftPackageReference "IQKeyboardManager" */ = {
			isa = XCRemoteSwiftPackageReference;
			repositoryURL = "https://github.com/hackiftekhar/IQKeyboardManager.git";
			requirement = {
				kind = upToNextMajorVersion;
				minimumVersion = 6.0.0;
			};
		};
		10CE4FD42ADAC71400FF3E3F /* XCRemoteSwiftPackageReference "FloatingPanel" */ = {
			isa = XCRemoteSwiftPackageReference;
			repositoryURL = "https://github.com/scenee/FloatingPanel";
			requirement = {
				kind = upToNextMajorVersion;
				minimumVersion = 2.0.0;
			};
		};
/* End XCRemoteSwiftPackageReference section */

/* Begin XCSwiftPackageProductDependency section */
		1010CBBD2ACE4A7D00B40498 /* FSCalendar */ = {
			isa = XCSwiftPackageProductDependency;
			package = 1010CBBC2ACE4A7D00B40498 /* XCRemoteSwiftPackageReference "FSCalendar" */;
			productName = FSCalendar;
		};
		1016FB022AC95E10003E7612 /* SnapKit */ = {
			isa = XCSwiftPackageProductDependency;
			package = 1016FB012AC95E10003E7612 /* XCRemoteSwiftPackageReference "SnapKit" */;
			productName = SnapKit;
		};
		1016FB052AC95E1A003E7612 /* Then */ = {
			isa = XCSwiftPackageProductDependency;
			package = 1016FB042AC95E19003E7612 /* XCRemoteSwiftPackageReference "Then" */;
			productName = Then;
		};
		1016FB082AC95E3E003E7612 /* Realm */ = {
			isa = XCSwiftPackageProductDependency;
			package = 1016FB072AC95E3E003E7612 /* XCRemoteSwiftPackageReference "realm-swift" */;
			productName = Realm;
		};
		1016FB0A2AC95E3E003E7612 /* RealmSwift */ = {
			isa = XCSwiftPackageProductDependency;
			package = 1016FB072AC95E3E003E7612 /* XCRemoteSwiftPackageReference "realm-swift" */;
			productName = RealmSwift;
		};
		101E39332AE4F2B1001F4534 /* Toast */ = {
			isa = XCSwiftPackageProductDependency;
			package = 101E39322AE4F2B1001F4534 /* XCRemoteSwiftPackageReference "Toast-Swift" */;
			productName = Toast;
		};
		101E39582AE7C780001F4534 /* RxCocoa */ = {
			isa = XCSwiftPackageProductDependency;
			package = 101E39572AE7C780001F4534 /* XCRemoteSwiftPackageReference "RxSwift" */;
			productName = RxCocoa;
		};
		101E395A2AE7C780001F4534 /* RxSwift */ = {
			isa = XCSwiftPackageProductDependency;
			package = 101E39572AE7C780001F4534 /* XCRemoteSwiftPackageReference "RxSwift" */;
			productName = RxSwift;
		};
		10A86DC22AD684B600817092 /* IQKeyboardManagerSwift */ = {
			isa = XCSwiftPackageProductDependency;
			package = 10A86DC12AD684B600817092 /* XCRemoteSwiftPackageReference "IQKeyboardManager" */;
			productName = IQKeyboardManagerSwift;
		};
		10CE4FD52ADAC71400FF3E3F /* FloatingPanel */ = {
			isa = XCSwiftPackageProductDependency;
			package = 10CE4FD42ADAC71400FF3E3F /* XCRemoteSwiftPackageReference "FloatingPanel" */;
			productName = FloatingPanel;
		};
/* End XCSwiftPackageProductDependency section */
	};
	rootObject = 1016FAB72AC93F45003E7612 /* Project object */;
}
